Microsoft Visual Studio Solution File, Format Version 12.00
# Visual Studio Version 16
VisualStudioVersion = 16.0.29728.190
MinimumVisualStudioVersion = 10.0.40219.1
Project("{9A19103F-16F7-4668-BE54-9A1E7A4F7556}") = "MathConverter.WPF", "MathConverter\WPF\MathConverter.WPF.csproj", "{C53EC42B-978E-4667-A9A9-6401793267B7}"
EndProject
Project("{9A19103F-16F7-4668-BE54-9A1E7A4F7556}") = "MathConverter.Demo", "Demo\MathConverter.Demo.csproj", "{7EF5718A-6F96-4680-A63A-F1778FD92092}"
EndProject
Project("{2150E333-8FDC-42A3-9474-1A3956D46DE8}") = "Solution Items", "Solution Items", "{7F4CC393-A1F5-4591-90E9-F299D83549D9}"
	ProjectSection(SolutionItems) = preProject
		README.md = README.md
	EndProjectSection
EndProject
Project("{FAE04EC0-301F-11D3-BF4B-00C04F79EFBC}") = "MathConverter.UnitTests.XamarinForms.Android", "MathConverter.UnitTests\Android\MathConverter.UnitTests.XamarinForms.Android.csproj", "{839D01A1-DFFF-4333-AD35-6E27015069B6}"
EndProject
Project("{D954291E-2A0B-460D-934E-DC6B0785DB48}") = "MathConverter.UnitTests.Core", "MathConverter.UnitTests\MathConverter.UnitTests.Core.shproj", "{10CC73E2-0490-41C2-A610-355BF1014EF1}"
EndProject
Project("{FAE04EC0-301F-11D3-BF4B-00C04F79EFBC}") = "MathConverter.UnitTests.XamarinForms.UWP", "MathConverter.UnitTests\UWP\MathConverter.UnitTests.XamarinForms.UWP.csproj", "{DC7EE031-CA2E-4963-8E49-CEB08A787AF7}"
EndProject
Project("{9A19103F-16F7-4668-BE54-9A1E7A4F7556}") = "MathConverter.UnitTests.WPF", "MathConverter.UnitTests\WPF\MathConverter.UnitTests.WPF.csproj", "{3D26FB71-D207-4E56-8AFB-67A9EAC87C7C}"
EndProject
Project("{D954291E-2A0B-460D-934E-DC6B0785DB48}") = "MathConverter.Core", "MathConverter\MathConverter.Core.shproj", "{B0807516-574B-4FF3-9CE0-B66AE38BE713}"
EndProject
Project("{9A19103F-16F7-4668-BE54-9A1E7A4F7556}") = "MathConverter.XamarinForms", "MathConverter\Xamarin\MathConverter.XamarinForms.csproj", "{DE6CBD5E-C31A-4907-9AC8-610484EF6E2A}"
EndProject
Project("{9A19103F-16F7-4668-BE54-9A1E7A4F7556}") = "MathConverter.UnitTests.XamarinForms.NetCore", "MathConverter.UnitTests\XamarinFormsNetCore\MathConverter.UnitTests.XamarinForms.NetCore.csproj", "{AB427469-4B24-4E95-A534-66B33088D038}"
EndProject
Project("{FAE04EC0-301F-11D3-BF4B-00C04F79EFBC}") = "MathConverter.UnitTests.XamarinForms.iOS", "MathConverter.UnitTests\iOS\MathConverter.UnitTests.XamarinForms.iOS.csproj", "{00C4A2A4-6907-47B1-9E06-1F1ABF0686B7}"
EndProject
Global
	GlobalSection(SharedMSBuildProjectFiles) = preSolution
		MathConverter.UnitTests\MathConverter.UnitTests.Core.projitems*{00c4a2a4-6907-47b1-9e06-1f1abf0686b7}*SharedItemsImports = 4
		MathConverter.UnitTests\MathConverter.UnitTests.Core.projitems*{10cc73e2-0490-41c2-a610-355bf1014ef1}*SharedItemsImports = 13
		MathConverter.UnitTests\MathConverter.UnitTests.Core.projitems*{3d26fb71-d207-4e56-8afb-67a9eac87c7c}*SharedItemsImports = 5
		MathConverter.UnitTests\MathConverter.UnitTests.Core.projitems*{839d01a1-dfff-4333-ad35-6e27015069b6}*SharedItemsImports = 4
		MathConverter.UnitTests\MathConverter.UnitTests.Core.projitems*{ab427469-4b24-4e95-a534-66b33088d038}*SharedItemsImports = 5
		MathConverter\MathConverter.Core.projitems*{b0807516-574b-4ff3-9ce0-b66ae38be713}*SharedItemsImports = 13
		MathConverter.UnitTests\MathConverter.UnitTests.Core.projitems*{dc7ee031-ca2e-4963-8e49-ceb08a787af7}*SharedItemsImports = 4
	EndGlobalSection
	GlobalSection(SolutionConfigurationPlatforms) = preSolution
		Ad-Hoc|Any CPU = Ad-Hoc|Any CPU
		Ad-Hoc|ARM = Ad-Hoc|ARM
		Ad-Hoc|ARM64 = Ad-Hoc|ARM64
		Ad-Hoc|iPhone = Ad-Hoc|iPhone
		Ad-Hoc|iPhoneSimulator = Ad-Hoc|iPhoneSimulator
		Ad-Hoc|x64 = Ad-Hoc|x64
		Ad-Hoc|x86 = Ad-Hoc|x86
		AppStore|Any CPU = AppStore|Any CPU
		AppStore|ARM = AppStore|ARM
		AppStore|ARM64 = AppStore|ARM64
		AppStore|iPhone = AppStore|iPhone
		AppStore|iPhoneSimulator = AppStore|iPhoneSimulator
		AppStore|x64 = AppStore|x64
		AppStore|x86 = AppStore|x86
		Debug|Any CPU = Debug|Any CPU
		Debug|ARM = Debug|ARM
		Debug|ARM64 = Debug|ARM64
		Debug|iPhone = Debug|iPhone
		Debug|iPhoneSimulator = Debug|iPhoneSimulator
		Debug|x64 = Debug|x64
		Debug|x86 = Debug|x86
		Release|Any CPU = Release|Any CPU
		Release|ARM = Release|ARM
		Release|ARM64 = Release|ARM64
		Release|iPhone = Release|iPhone
		Release|iPhoneSimulator = Release|iPhoneSimulator
		Release|x64 = Release|x64
		Release|x86 = Release|x86
	EndGlobalSection
	GlobalSection(ProjectConfigurationPlatforms) = postSolution
		{C53EC42B-978E-4667-A9A9-6401793267B7}.Ad-Hoc|Any CPU.ActiveCfg = Release|Any CPU
		{C53EC42B-978E-4667-A9A9-6401793267B7}.Ad-Hoc|Any CPU.Build.0 = Release|Any CPU
		{C53EC42B-978E-4667-A9A9-6401793267B7}.Ad-Hoc|ARM.ActiveCfg = Release|Any CPU
		{C53EC42B-978E-4667-A9A9-6401793267B7}.Ad-Hoc|ARM.Build.0 = Release|Any CPU
		{C53EC42B-978E-4667-A9A9-6401793267B7}.Ad-Hoc|ARM64.ActiveCfg = Release|Any CPU
		{C53EC42B-978E-4667-A9A9-6401793267B7}.Ad-Hoc|ARM64.Build.0 = Release|Any CPU
		{C53EC42B-978E-4667-A9A9-6401793267B7}.Ad-Hoc|iPhone.ActiveCfg = Release|Any CPU
		{C53EC42B-978E-4667-A9A9-6401793267B7}.Ad-Hoc|iPhone.Build.0 = Release|Any CPU
		{C53EC42B-978E-4667-A9A9-6401793267B7}.Ad-Hoc|iPhoneSimulator.ActiveCfg = Release|Any CPU
		{C53EC42B-978E-4667-A9A9-6401793267B7}.Ad-Hoc|iPhoneSimulator.Build.0 = Release|Any CPU
		{C53EC42B-978E-4667-A9A9-6401793267B7}.Ad-Hoc|x64.ActiveCfg = Release|Any CPU
		{C53EC42B-978E-4667-A9A9-6401793267B7}.Ad-Hoc|x64.Build.0 = Release|Any CPU
		{C53EC42B-978E-4667-A9A9-6401793267B7}.Ad-Hoc|x86.ActiveCfg = Release|Any CPU
		{C53EC42B-978E-4667-A9A9-6401793267B7}.Ad-Hoc|x86.Build.0 = Release|Any CPU
		{C53EC42B-978E-4667-A9A9-6401793267B7}.AppStore|Any CPU.ActiveCfg = Release|Any CPU
		{C53EC42B-978E-4667-A9A9-6401793267B7}.AppStore|Any CPU.Build.0 = Release|Any CPU
		{C53EC42B-978E-4667-A9A9-6401793267B7}.AppStore|ARM.ActiveCfg = Release|Any CPU
		{C53EC42B-978E-4667-A9A9-6401793267B7}.AppStore|ARM.Build.0 = Release|Any CPU
		{C53EC42B-978E-4667-A9A9-6401793267B7}.AppStore|ARM64.ActiveCfg = Release|Any CPU
		{C53EC42B-978E-4667-A9A9-6401793267B7}.AppStore|ARM64.Build.0 = Release|Any CPU
		{C53EC42B-978E-4667-A9A9-6401793267B7}.AppStore|iPhone.ActiveCfg = Release|Any CPU
		{C53EC42B-978E-4667-A9A9-6401793267B7}.AppStore|iPhone.Build.0 = Release|Any CPU
		{C53EC42B-978E-4667-A9A9-6401793267B7}.AppStore|iPhoneSimulator.ActiveCfg = Release|Any CPU
		{C53EC42B-978E-4667-A9A9-6401793267B7}.AppStore|iPhoneSimulator.Build.0 = Release|Any CPU
		{C53EC42B-978E-4667-A9A9-6401793267B7}.AppStore|x64.ActiveCfg = Release|Any CPU
		{C53EC42B-978E-4667-A9A9-6401793267B7}.AppStore|x64.Build.0 = Release|Any CPU
		{C53EC42B-978E-4667-A9A9-6401793267B7}.AppStore|x86.ActiveCfg = Release|Any CPU
		{C53EC42B-978E-4667-A9A9-6401793267B7}.AppStore|x86.Build.0 = Release|Any CPU
		{C53EC42B-978E-4667-A9A9-6401793267B7}.Debug|Any CPU.ActiveCfg = Debug|Any CPU
		{C53EC42B-978E-4667-A9A9-6401793267B7}.Debug|Any CPU.Build.0 = Debug|Any CPU
		{C53EC42B-978E-4667-A9A9-6401793267B7}.Debug|ARM.ActiveCfg = Debug|Any CPU
		{C53EC42B-978E-4667-A9A9-6401793267B7}.Debug|ARM.Build.0 = Debug|Any CPU
		{C53EC42B-978E-4667-A9A9-6401793267B7}.Debug|ARM64.ActiveCfg = Debug|Any CPU
		{C53EC42B-978E-4667-A9A9-6401793267B7}.Debug|ARM64.Build.0 = Debug|Any CPU
		{C53EC42B-978E-4667-A9A9-6401793267B7}.Debug|iPhone.ActiveCfg = Debug|Any CPU
		{C53EC42B-978E-4667-A9A9-6401793267B7}.Debug|iPhone.Build.0 = Debug|Any CPU
		{C53EC42B-978E-4667-A9A9-6401793267B7}.Debug|iPhoneSimulator.ActiveCfg = Debug|Any CPU
		{C53EC42B-978E-4667-A9A9-6401793267B7}.Debug|iPhoneSimulator.Build.0 = Debug|Any CPU
		{C53EC42B-978E-4667-A9A9-6401793267B7}.Debug|x64.ActiveCfg = Debug|Any CPU
		{C53EC42B-978E-4667-A9A9-6401793267B7}.Debug|x64.Build.0 = Debug|Any CPU
		{C53EC42B-978E-4667-A9A9-6401793267B7}.Debug|x86.ActiveCfg = Debug|Any CPU
		{C53EC42B-978E-4667-A9A9-6401793267B7}.Debug|x86.Build.0 = Debug|Any CPU
		{C53EC42B-978E-4667-A9A9-6401793267B7}.Release|Any CPU.ActiveCfg = Release|Any CPU
		{C53EC42B-978E-4667-A9A9-6401793267B7}.Release|Any CPU.Build.0 = Release|Any CPU
		{C53EC42B-978E-4667-A9A9-6401793267B7}.Release|ARM.ActiveCfg = Release|Any CPU
		{C53EC42B-978E-4667-A9A9-6401793267B7}.Release|ARM.Build.0 = Release|Any CPU
		{C53EC42B-978E-4667-A9A9-6401793267B7}.Release|ARM64.ActiveCfg = Release|Any CPU
		{C53EC42B-978E-4667-A9A9-6401793267B7}.Release|ARM64.Build.0 = Release|Any CPU
		{C53EC42B-978E-4667-A9A9-6401793267B7}.Release|iPhone.ActiveCfg = Release|Any CPU
		{C53EC42B-978E-4667-A9A9-6401793267B7}.Release|iPhone.Build.0 = Release|Any CPU
		{C53EC42B-978E-4667-A9A9-6401793267B7}.Release|iPhoneSimulator.ActiveCfg = Release|Any CPU
		{C53EC42B-978E-4667-A9A9-6401793267B7}.Release|iPhoneSimulator.Build.0 = Release|Any CPU
		{C53EC42B-978E-4667-A9A9-6401793267B7}.Release|x64.ActiveCfg = Release|Any CPU
		{C53EC42B-978E-4667-A9A9-6401793267B7}.Release|x64.Build.0 = Release|Any CPU
		{C53EC42B-978E-4667-A9A9-6401793267B7}.Release|x86.ActiveCfg = Release|Any CPU
		{C53EC42B-978E-4667-A9A9-6401793267B7}.Release|x86.Build.0 = Release|Any CPU
		{7EF5718A-6F96-4680-A63A-F1778FD92092}.Ad-Hoc|Any CPU.ActiveCfg = Release|Any CPU
		{7EF5718A-6F96-4680-A63A-F1778FD92092}.Ad-Hoc|ARM.ActiveCfg = Release|Any CPU
		{7EF5718A-6F96-4680-A63A-F1778FD92092}.Ad-Hoc|ARM64.ActiveCfg = Release|Any CPU
		{7EF5718A-6F96-4680-A63A-F1778FD92092}.Ad-Hoc|iPhone.ActiveCfg = Release|Any CPU
		{7EF5718A-6F96-4680-A63A-F1778FD92092}.Ad-Hoc|iPhoneSimulator.ActiveCfg = Release|Any CPU
		{7EF5718A-6F96-4680-A63A-F1778FD92092}.Ad-Hoc|x64.ActiveCfg = Release|Any CPU
		{7EF5718A-6F96-4680-A63A-F1778FD92092}.Ad-Hoc|x86.ActiveCfg = Release|Any CPU
		{7EF5718A-6F96-4680-A63A-F1778FD92092}.AppStore|Any CPU.ActiveCfg = Release|Any CPU
		{7EF5718A-6F96-4680-A63A-F1778FD92092}.AppStore|ARM.ActiveCfg = Release|Any CPU
		{7EF5718A-6F96-4680-A63A-F1778FD92092}.AppStore|ARM64.ActiveCfg = Release|Any CPU
		{7EF5718A-6F96-4680-A63A-F1778FD92092}.AppStore|iPhone.ActiveCfg = Release|Any CPU
		{7EF5718A-6F96-4680-A63A-F1778FD92092}.AppStore|iPhoneSimulator.ActiveCfg = Release|Any CPU
		{7EF5718A-6F96-4680-A63A-F1778FD92092}.AppStore|x64.ActiveCfg = Release|Any CPU
		{7EF5718A-6F96-4680-A63A-F1778FD92092}.AppStore|x86.ActiveCfg = Release|Any CPU
		{7EF5718A-6F96-4680-A63A-F1778FD92092}.Debug|Any CPU.ActiveCfg = Debug|Any CPU
		{7EF5718A-6F96-4680-A63A-F1778FD92092}.Debug|Any CPU.Build.0 = Debug|Any CPU
		{7EF5718A-6F96-4680-A63A-F1778FD92092}.Debug|ARM.ActiveCfg = Debug|Any CPU
		{7EF5718A-6F96-4680-A63A-F1778FD92092}.Debug|ARM.Build.0 = Debug|Any CPU
		{7EF5718A-6F96-4680-A63A-F1778FD92092}.Debug|ARM64.ActiveCfg = Debug|Any CPU
		{7EF5718A-6F96-4680-A63A-F1778FD92092}.Debug|ARM64.Build.0 = Debug|Any CPU
		{7EF5718A-6F96-4680-A63A-F1778FD92092}.Debug|iPhone.ActiveCfg = Debug|Any CPU
		{7EF5718A-6F96-4680-A63A-F1778FD92092}.Debug|iPhoneSimulator.ActiveCfg = Debug|Any CPU
		{7EF5718A-6F96-4680-A63A-F1778FD92092}.Debug|x64.ActiveCfg = Debug|Any CPU
		{7EF5718A-6F96-4680-A63A-F1778FD92092}.Debug|x64.Build.0 = Debug|Any CPU
		{7EF5718A-6F96-4680-A63A-F1778FD92092}.Debug|x86.ActiveCfg = Debug|Any CPU
		{7EF5718A-6F96-4680-A63A-F1778FD92092}.Debug|x86.Build.0 = Debug|Any CPU
		{7EF5718A-6F96-4680-A63A-F1778FD92092}.Release|Any CPU.ActiveCfg = Release|Any CPU
		{7EF5718A-6F96-4680-A63A-F1778FD92092}.Release|Any CPU.Build.0 = Release|Any CPU
		{7EF5718A-6F96-4680-A63A-F1778FD92092}.Release|ARM.ActiveCfg = Release|Any CPU
		{7EF5718A-6F96-4680-A63A-F1778FD92092}.Release|ARM.Build.0 = Release|Any CPU
		{7EF5718A-6F96-4680-A63A-F1778FD92092}.Release|ARM64.ActiveCfg = Release|Any CPU
		{7EF5718A-6F96-4680-A63A-F1778FD92092}.Release|ARM64.Build.0 = Release|Any CPU
		{7EF5718A-6F96-4680-A63A-F1778FD92092}.Release|iPhone.ActiveCfg = Release|Any CPU
		{7EF5718A-6F96-4680-A63A-F1778FD92092}.Release|iPhoneSimulator.ActiveCfg = Release|Any CPU
		{7EF5718A-6F96-4680-A63A-F1778FD92092}.Release|x64.ActiveCfg = Release|Any CPU
		{7EF5718A-6F96-4680-A63A-F1778FD92092}.Release|x64.Build.0 = Release|Any CPU
		{7EF5718A-6F96-4680-A63A-F1778FD92092}.Release|x86.ActiveCfg = Release|Any CPU
		{7EF5718A-6F96-4680-A63A-F1778FD92092}.Release|x86.Build.0 = Release|Any CPU
		{839D01A1-DFFF-4333-AD35-6E27015069B6}.Ad-Hoc|Any CPU.ActiveCfg = Release|Any CPU
		{839D01A1-DFFF-4333-AD35-6E27015069B6}.Ad-Hoc|Any CPU.Build.0 = Release|Any CPU
		{839D01A1-DFFF-4333-AD35-6E27015069B6}.Ad-Hoc|Any CPU.Deploy.0 = Release|Any CPU
		{839D01A1-DFFF-4333-AD35-6E27015069B6}.Ad-Hoc|ARM.ActiveCfg = Release|Any CPU
		{839D01A1-DFFF-4333-AD35-6E27015069B6}.Ad-Hoc|ARM.Build.0 = Release|Any CPU
		{839D01A1-DFFF-4333-AD35-6E27015069B6}.Ad-Hoc|ARM.Deploy.0 = Release|Any CPU
		{839D01A1-DFFF-4333-AD35-6E27015069B6}.Ad-Hoc|ARM64.ActiveCfg = Release|Any CPU
		{839D01A1-DFFF-4333-AD35-6E27015069B6}.Ad-Hoc|ARM64.Build.0 = Release|Any CPU
		{839D01A1-DFFF-4333-AD35-6E27015069B6}.Ad-Hoc|ARM64.Deploy.0 = Release|Any CPU
		{839D01A1-DFFF-4333-AD35-6E27015069B6}.Ad-Hoc|iPhone.ActiveCfg = Release|Any CPU
		{839D01A1-DFFF-4333-AD35-6E27015069B6}.Ad-Hoc|iPhone.Build.0 = Release|Any CPU
		{839D01A1-DFFF-4333-AD35-6E27015069B6}.Ad-Hoc|iPhone.Deploy.0 = Release|Any CPU
		{839D01A1-DFFF-4333-AD35-6E27015069B6}.Ad-Hoc|iPhoneSimulator.ActiveCfg = Release|Any CPU
		{839D01A1-DFFF-4333-AD35-6E27015069B6}.Ad-Hoc|iPhoneSimulator.Build.0 = Release|Any CPU
		{839D01A1-DFFF-4333-AD35-6E27015069B6}.Ad-Hoc|iPhoneSimulator.Deploy.0 = Release|Any CPU
		{839D01A1-DFFF-4333-AD35-6E27015069B6}.Ad-Hoc|x64.ActiveCfg = Release|Any CPU
		{839D01A1-DFFF-4333-AD35-6E27015069B6}.Ad-Hoc|x64.Build.0 = Release|Any CPU
		{839D01A1-DFFF-4333-AD35-6E27015069B6}.Ad-Hoc|x64.Deploy.0 = Release|Any CPU
		{839D01A1-DFFF-4333-AD35-6E27015069B6}.Ad-Hoc|x86.ActiveCfg = Release|Any CPU
		{839D01A1-DFFF-4333-AD35-6E27015069B6}.Ad-Hoc|x86.Build.0 = Release|Any CPU
		{839D01A1-DFFF-4333-AD35-6E27015069B6}.Ad-Hoc|x86.Deploy.0 = Release|Any CPU
		{839D01A1-DFFF-4333-AD35-6E27015069B6}.AppStore|Any CPU.ActiveCfg = Release|Any CPU
		{839D01A1-DFFF-4333-AD35-6E27015069B6}.AppStore|Any CPU.Build.0 = Release|Any CPU
		{839D01A1-DFFF-4333-AD35-6E27015069B6}.AppStore|Any CPU.Deploy.0 = Release|Any CPU
		{839D01A1-DFFF-4333-AD35-6E27015069B6}.AppStore|ARM.ActiveCfg = Release|Any CPU
		{839D01A1-DFFF-4333-AD35-6E27015069B6}.AppStore|ARM.Build.0 = Release|Any CPU
		{839D01A1-DFFF-4333-AD35-6E27015069B6}.AppStore|ARM.Deploy.0 = Release|Any CPU
		{839D01A1-DFFF-4333-AD35-6E27015069B6}.AppStore|ARM64.ActiveCfg = Release|Any CPU
		{839D01A1-DFFF-4333-AD35-6E27015069B6}.AppStore|ARM64.Build.0 = Release|Any CPU
		{839D01A1-DFFF-4333-AD35-6E27015069B6}.AppStore|ARM64.Deploy.0 = Release|Any CPU
		{839D01A1-DFFF-4333-AD35-6E27015069B6}.AppStore|iPhone.ActiveCfg = Release|Any CPU
		{839D01A1-DFFF-4333-AD35-6E27015069B6}.AppStore|iPhone.Build.0 = Release|Any CPU
		{839D01A1-DFFF-4333-AD35-6E27015069B6}.AppStore|iPhone.Deploy.0 = Release|Any CPU
		{839D01A1-DFFF-4333-AD35-6E27015069B6}.AppStore|iPhoneSimulator.ActiveCfg = Release|Any CPU
		{839D01A1-DFFF-4333-AD35-6E27015069B6}.AppStore|iPhoneSimulator.Build.0 = Release|Any CPU
		{839D01A1-DFFF-4333-AD35-6E27015069B6}.AppStore|iPhoneSimulator.Deploy.0 = Release|Any CPU
		{839D01A1-DFFF-4333-AD35-6E27015069B6}.AppStore|x64.ActiveCfg = Release|Any CPU
		{839D01A1-DFFF-4333-AD35-6E27015069B6}.AppStore|x64.Build.0 = Release|Any CPU
		{839D01A1-DFFF-4333-AD35-6E27015069B6}.AppStore|x64.Deploy.0 = Release|Any CPU
		{839D01A1-DFFF-4333-AD35-6E27015069B6}.AppStore|x86.ActiveCfg = Release|Any CPU
		{839D01A1-DFFF-4333-AD35-6E27015069B6}.AppStore|x86.Build.0 = Release|Any CPU
		{839D01A1-DFFF-4333-AD35-6E27015069B6}.AppStore|x86.Deploy.0 = Release|Any CPU
		{839D01A1-DFFF-4333-AD35-6E27015069B6}.Debug|Any CPU.ActiveCfg = Debug|Any CPU
		{839D01A1-DFFF-4333-AD35-6E27015069B6}.Debug|Any CPU.Build.0 = Debug|Any CPU
		{839D01A1-DFFF-4333-AD35-6E27015069B6}.Debug|Any CPU.Deploy.0 = Debug|Any CPU
		{839D01A1-DFFF-4333-AD35-6E27015069B6}.Debug|ARM.ActiveCfg = Debug|Any CPU
		{839D01A1-DFFF-4333-AD35-6E27015069B6}.Debug|ARM.Build.0 = Debug|Any CPU
		{839D01A1-DFFF-4333-AD35-6E27015069B6}.Debug|ARM.Deploy.0 = Debug|Any CPU
		{839D01A1-DFFF-4333-AD35-6E27015069B6}.Debug|ARM64.ActiveCfg = Debug|Any CPU
		{839D01A1-DFFF-4333-AD35-6E27015069B6}.Debug|ARM64.Build.0 = Debug|Any CPU
		{839D01A1-DFFF-4333-AD35-6E27015069B6}.Debug|ARM64.Deploy.0 = Debug|Any CPU
		{839D01A1-DFFF-4333-AD35-6E27015069B6}.Debug|iPhone.ActiveCfg = Debug|Any CPU
		{839D01A1-DFFF-4333-AD35-6E27015069B6}.Debug|iPhone.Build.0 = Debug|Any CPU
		{839D01A1-DFFF-4333-AD35-6E27015069B6}.Debug|iPhone.Deploy.0 = Debug|Any CPU
		{839D01A1-DFFF-4333-AD35-6E27015069B6}.Debug|iPhoneSimulator.ActiveCfg = Debug|Any CPU
		{839D01A1-DFFF-4333-AD35-6E27015069B6}.Debug|iPhoneSimulator.Build.0 = Debug|Any CPU
		{839D01A1-DFFF-4333-AD35-6E27015069B6}.Debug|iPhoneSimulator.Deploy.0 = Debug|Any CPU
		{839D01A1-DFFF-4333-AD35-6E27015069B6}.Debug|x64.ActiveCfg = Debug|Any CPU
		{839D01A1-DFFF-4333-AD35-6E27015069B6}.Debug|x64.Build.0 = Debug|Any CPU
		{839D01A1-DFFF-4333-AD35-6E27015069B6}.Debug|x64.Deploy.0 = Debug|Any CPU
		{839D01A1-DFFF-4333-AD35-6E27015069B6}.Debug|x86.ActiveCfg = Debug|Any CPU
		{839D01A1-DFFF-4333-AD35-6E27015069B6}.Debug|x86.Build.0 = Debug|Any CPU
		{839D01A1-DFFF-4333-AD35-6E27015069B6}.Debug|x86.Deploy.0 = Debug|Any CPU
		{839D01A1-DFFF-4333-AD35-6E27015069B6}.Release|Any CPU.ActiveCfg = Release|Any CPU
		{839D01A1-DFFF-4333-AD35-6E27015069B6}.Release|Any CPU.Build.0 = Release|Any CPU
		{839D01A1-DFFF-4333-AD35-6E27015069B6}.Release|Any CPU.Deploy.0 = Release|Any CPU
		{839D01A1-DFFF-4333-AD35-6E27015069B6}.Release|ARM.ActiveCfg = Release|Any CPU
		{839D01A1-DFFF-4333-AD35-6E27015069B6}.Release|ARM.Build.0 = Release|Any CPU
		{839D01A1-DFFF-4333-AD35-6E27015069B6}.Release|ARM.Deploy.0 = Release|Any CPU
		{839D01A1-DFFF-4333-AD35-6E27015069B6}.Release|ARM64.ActiveCfg = Release|Any CPU
		{839D01A1-DFFF-4333-AD35-6E27015069B6}.Release|ARM64.Build.0 = Release|Any CPU
		{839D01A1-DFFF-4333-AD35-6E27015069B6}.Release|ARM64.Deploy.0 = Release|Any CPU
		{839D01A1-DFFF-4333-AD35-6E27015069B6}.Release|iPhone.ActiveCfg = Release|Any CPU
		{839D01A1-DFFF-4333-AD35-6E27015069B6}.Release|iPhone.Build.0 = Release|Any CPU
		{839D01A1-DFFF-4333-AD35-6E27015069B6}.Release|iPhone.Deploy.0 = Release|Any CPU
		{839D01A1-DFFF-4333-AD35-6E27015069B6}.Release|iPhoneSimulator.ActiveCfg = Release|Any CPU
		{839D01A1-DFFF-4333-AD35-6E27015069B6}.Release|iPhoneSimulator.Build.0 = Release|Any CPU
		{839D01A1-DFFF-4333-AD35-6E27015069B6}.Release|iPhoneSimulator.Deploy.0 = Release|Any CPU
		{839D01A1-DFFF-4333-AD35-6E27015069B6}.Release|x64.ActiveCfg = Release|Any CPU
		{839D01A1-DFFF-4333-AD35-6E27015069B6}.Release|x64.Build.0 = Release|Any CPU
		{839D01A1-DFFF-4333-AD35-6E27015069B6}.Release|x64.Deploy.0 = Release|Any CPU
		{839D01A1-DFFF-4333-AD35-6E27015069B6}.Release|x86.ActiveCfg = Release|Any CPU
		{839D01A1-DFFF-4333-AD35-6E27015069B6}.Release|x86.Build.0 = Release|Any CPU
		{839D01A1-DFFF-4333-AD35-6E27015069B6}.Release|x86.Deploy.0 = Release|Any CPU
		{DC7EE031-CA2E-4963-8E49-CEB08A787AF7}.Ad-Hoc|Any CPU.ActiveCfg = Release|ARM64
		{DC7EE031-CA2E-4963-8E49-CEB08A787AF7}.Ad-Hoc|Any CPU.Build.0 = Release|ARM64
		{DC7EE031-CA2E-4963-8E49-CEB08A787AF7}.Ad-Hoc|Any CPU.Deploy.0 = Release|ARM64
		{DC7EE031-CA2E-4963-8E49-CEB08A787AF7}.Ad-Hoc|ARM.ActiveCfg = Release|ARM
		{DC7EE031-CA2E-4963-8E49-CEB08A787AF7}.Ad-Hoc|ARM.Build.0 = Release|ARM
		{DC7EE031-CA2E-4963-8E49-CEB08A787AF7}.Ad-Hoc|ARM.Deploy.0 = Release|ARM
		{DC7EE031-CA2E-4963-8E49-CEB08A787AF7}.Ad-Hoc|ARM64.ActiveCfg = Release|ARM64
		{DC7EE031-CA2E-4963-8E49-CEB08A787AF7}.Ad-Hoc|ARM64.Build.0 = Release|ARM64
		{DC7EE031-CA2E-4963-8E49-CEB08A787AF7}.Ad-Hoc|ARM64.Deploy.0 = Release|ARM64
		{DC7EE031-CA2E-4963-8E49-CEB08A787AF7}.Ad-Hoc|iPhone.ActiveCfg = Release|ARM64
		{DC7EE031-CA2E-4963-8E49-CEB08A787AF7}.Ad-Hoc|iPhone.Build.0 = Release|ARM64
		{DC7EE031-CA2E-4963-8E49-CEB08A787AF7}.Ad-Hoc|iPhone.Deploy.0 = Release|ARM64
		{DC7EE031-CA2E-4963-8E49-CEB08A787AF7}.Ad-Hoc|iPhoneSimulator.ActiveCfg = Release|ARM64
		{DC7EE031-CA2E-4963-8E49-CEB08A787AF7}.Ad-Hoc|iPhoneSimulator.Build.0 = Release|ARM64
		{DC7EE031-CA2E-4963-8E49-CEB08A787AF7}.Ad-Hoc|iPhoneSimulator.Deploy.0 = Release|ARM64
		{DC7EE031-CA2E-4963-8E49-CEB08A787AF7}.Ad-Hoc|x64.ActiveCfg = Release|x64
		{DC7EE031-CA2E-4963-8E49-CEB08A787AF7}.Ad-Hoc|x64.Build.0 = Release|x64
		{DC7EE031-CA2E-4963-8E49-CEB08A787AF7}.Ad-Hoc|x64.Deploy.0 = Release|x64
		{DC7EE031-CA2E-4963-8E49-CEB08A787AF7}.Ad-Hoc|x86.ActiveCfg = Release|x86
		{DC7EE031-CA2E-4963-8E49-CEB08A787AF7}.Ad-Hoc|x86.Build.0 = Release|x86
		{DC7EE031-CA2E-4963-8E49-CEB08A787AF7}.Ad-Hoc|x86.Deploy.0 = Release|x86
		{DC7EE031-CA2E-4963-8E49-CEB08A787AF7}.AppStore|Any CPU.ActiveCfg = Release|ARM64
		{DC7EE031-CA2E-4963-8E49-CEB08A787AF7}.AppStore|Any CPU.Build.0 = Release|ARM64
		{DC7EE031-CA2E-4963-8E49-CEB08A787AF7}.AppStore|Any CPU.Deploy.0 = Release|ARM64
		{DC7EE031-CA2E-4963-8E49-CEB08A787AF7}.AppStore|ARM.ActiveCfg = Release|ARM
		{DC7EE031-CA2E-4963-8E49-CEB08A787AF7}.AppStore|ARM.Build.0 = Release|ARM
		{DC7EE031-CA2E-4963-8E49-CEB08A787AF7}.AppStore|ARM.Deploy.0 = Release|ARM
		{DC7EE031-CA2E-4963-8E49-CEB08A787AF7}.AppStore|ARM64.ActiveCfg = Release|ARM64
		{DC7EE031-CA2E-4963-8E49-CEB08A787AF7}.AppStore|ARM64.Build.0 = Release|ARM64
		{DC7EE031-CA2E-4963-8E49-CEB08A787AF7}.AppStore|ARM64.Deploy.0 = Release|ARM64
		{DC7EE031-CA2E-4963-8E49-CEB08A787AF7}.AppStore|iPhone.ActiveCfg = Release|ARM64
		{DC7EE031-CA2E-4963-8E49-CEB08A787AF7}.AppStore|iPhone.Build.0 = Release|ARM64
		{DC7EE031-CA2E-4963-8E49-CEB08A787AF7}.AppStore|iPhone.Deploy.0 = Release|ARM64
		{DC7EE031-CA2E-4963-8E49-CEB08A787AF7}.AppStore|iPhoneSimulator.ActiveCfg = Release|ARM64
		{DC7EE031-CA2E-4963-8E49-CEB08A787AF7}.AppStore|iPhoneSimulator.Build.0 = Release|ARM64
		{DC7EE031-CA2E-4963-8E49-CEB08A787AF7}.AppStore|iPhoneSimulator.Deploy.0 = Release|ARM64
		{DC7EE031-CA2E-4963-8E49-CEB08A787AF7}.AppStore|x64.ActiveCfg = Release|x64
		{DC7EE031-CA2E-4963-8E49-CEB08A787AF7}.AppStore|x64.Build.0 = Release|x64
		{DC7EE031-CA2E-4963-8E49-CEB08A787AF7}.AppStore|x64.Deploy.0 = Release|x64
		{DC7EE031-CA2E-4963-8E49-CEB08A787AF7}.AppStore|x86.ActiveCfg = Release|x86
		{DC7EE031-CA2E-4963-8E49-CEB08A787AF7}.AppStore|x86.Build.0 = Release|x86
		{DC7EE031-CA2E-4963-8E49-CEB08A787AF7}.AppStore|x86.Deploy.0 = Release|x86
		{DC7EE031-CA2E-4963-8E49-CEB08A787AF7}.Debug|Any CPU.ActiveCfg = Debug|x86
		{DC7EE031-CA2E-4963-8E49-CEB08A787AF7}.Debug|Any CPU.Build.0 = Debug|x86
		{DC7EE031-CA2E-4963-8E49-CEB08A787AF7}.Debug|Any CPU.Deploy.0 = Debug|x86
		{DC7EE031-CA2E-4963-8E49-CEB08A787AF7}.Debug|ARM.ActiveCfg = Debug|ARM
		{DC7EE031-CA2E-4963-8E49-CEB08A787AF7}.Debug|ARM.Build.0 = Debug|ARM
		{DC7EE031-CA2E-4963-8E49-CEB08A787AF7}.Debug|ARM.Deploy.0 = Debug|ARM
		{DC7EE031-CA2E-4963-8E49-CEB08A787AF7}.Debug|ARM64.ActiveCfg = Debug|ARM64
		{DC7EE031-CA2E-4963-8E49-CEB08A787AF7}.Debug|ARM64.Build.0 = Debug|ARM64
		{DC7EE031-CA2E-4963-8E49-CEB08A787AF7}.Debug|ARM64.Deploy.0 = Debug|ARM64
		{DC7EE031-CA2E-4963-8E49-CEB08A787AF7}.Debug|iPhone.ActiveCfg = Debug|x86
		{DC7EE031-CA2E-4963-8E49-CEB08A787AF7}.Debug|iPhoneSimulator.ActiveCfg = Debug|x86
		{DC7EE031-CA2E-4963-8E49-CEB08A787AF7}.Debug|x64.ActiveCfg = Debug|x64
		{DC7EE031-CA2E-4963-8E49-CEB08A787AF7}.Debug|x64.Build.0 = Debug|x64
		{DC7EE031-CA2E-4963-8E49-CEB08A787AF7}.Debug|x64.Deploy.0 = Debug|x64
		{DC7EE031-CA2E-4963-8E49-CEB08A787AF7}.Debug|x86.ActiveCfg = Debug|x86
		{DC7EE031-CA2E-4963-8E49-CEB08A787AF7}.Debug|x86.Build.0 = Debug|x86
		{DC7EE031-CA2E-4963-8E49-CEB08A787AF7}.Debug|x86.Deploy.0 = Debug|x86
		{DC7EE031-CA2E-4963-8E49-CEB08A787AF7}.Release|Any CPU.ActiveCfg = Release|x86
		{DC7EE031-CA2E-4963-8E49-CEB08A787AF7}.Release|ARM.ActiveCfg = Release|x86
		{DC7EE031-CA2E-4963-8E49-CEB08A787AF7}.Release|ARM64.ActiveCfg = Release|x86
		{DC7EE031-CA2E-4963-8E49-CEB08A787AF7}.Release|iPhone.ActiveCfg = Release|x86
		{DC7EE031-CA2E-4963-8E49-CEB08A787AF7}.Release|iPhoneSimulator.ActiveCfg = Release|x86
		{DC7EE031-CA2E-4963-8E49-CEB08A787AF7}.Release|x64.ActiveCfg = Release|x64
		{DC7EE031-CA2E-4963-8E49-CEB08A787AF7}.Release|x64.Build.0 = Release|x64
		{DC7EE031-CA2E-4963-8E49-CEB08A787AF7}.Release|x64.Deploy.0 = Release|x64
		{DC7EE031-CA2E-4963-8E49-CEB08A787AF7}.Release|x86.ActiveCfg = Release|x86
		{DC7EE031-CA2E-4963-8E49-CEB08A787AF7}.Release|x86.Build.0 = Release|x86
		{DC7EE031-CA2E-4963-8E49-CEB08A787AF7}.Release|x86.Deploy.0 = Release|x86
		{3D26FB71-D207-4E56-8AFB-67A9EAC87C7C}.Ad-Hoc|Any CPU.ActiveCfg = Release|Any CPU
		{3D26FB71-D207-4E56-8AFB-67A9EAC87C7C}.Ad-Hoc|Any CPU.Build.0 = Release|Any CPU
		{3D26FB71-D207-4E56-8AFB-67A9EAC87C7C}.Ad-Hoc|ARM.ActiveCfg = Release|Any CPU
		{3D26FB71-D207-4E56-8AFB-67A9EAC87C7C}.Ad-Hoc|ARM.Build.0 = Release|Any CPU
		{3D26FB71-D207-4E56-8AFB-67A9EAC87C7C}.Ad-Hoc|ARM64.ActiveCfg = Release|Any CPU
		{3D26FB71-D207-4E56-8AFB-67A9EAC87C7C}.Ad-Hoc|ARM64.Build.0 = Release|Any CPU
		{3D26FB71-D207-4E56-8AFB-67A9EAC87C7C}.Ad-Hoc|iPhone.ActiveCfg = Release|Any CPU
		{3D26FB71-D207-4E56-8AFB-67A9EAC87C7C}.Ad-Hoc|iPhone.Build.0 = Release|Any CPU
		{3D26FB71-D207-4E56-8AFB-67A9EAC87C7C}.Ad-Hoc|iPhoneSimulator.ActiveCfg = Release|Any CPU
		{3D26FB71-D207-4E56-8AFB-67A9EAC87C7C}.Ad-Hoc|iPhoneSimulator.Build.0 = Release|Any CPU
		{3D26FB71-D207-4E56-8AFB-67A9EAC87C7C}.Ad-Hoc|x64.ActiveCfg = Release|Any CPU
		{3D26FB71-D207-4E56-8AFB-67A9EAC87C7C}.Ad-Hoc|x64.Build.0 = Release|Any CPU
		{3D26FB71-D207-4E56-8AFB-67A9EAC87C7C}.Ad-Hoc|x86.ActiveCfg = Release|Any CPU
		{3D26FB71-D207-4E56-8AFB-67A9EAC87C7C}.Ad-Hoc|x86.Build.0 = Release|Any CPU
		{3D26FB71-D207-4E56-8AFB-67A9EAC87C7C}.AppStore|Any CPU.ActiveCfg = Release|Any CPU
		{3D26FB71-D207-4E56-8AFB-67A9EAC87C7C}.AppStore|Any CPU.Build.0 = Release|Any CPU
		{3D26FB71-D207-4E56-8AFB-67A9EAC87C7C}.AppStore|ARM.ActiveCfg = Release|Any CPU
		{3D26FB71-D207-4E56-8AFB-67A9EAC87C7C}.AppStore|ARM.Build.0 = Release|Any CPU
		{3D26FB71-D207-4E56-8AFB-67A9EAC87C7C}.AppStore|ARM64.ActiveCfg = Release|Any CPU
		{3D26FB71-D207-4E56-8AFB-67A9EAC87C7C}.AppStore|ARM64.Build.0 = Release|Any CPU
		{3D26FB71-D207-4E56-8AFB-67A9EAC87C7C}.AppStore|iPhone.ActiveCfg = Release|Any CPU
		{3D26FB71-D207-4E56-8AFB-67A9EAC87C7C}.AppStore|iPhone.Build.0 = Release|Any CPU
		{3D26FB71-D207-4E56-8AFB-67A9EAC87C7C}.AppStore|iPhoneSimulator.ActiveCfg = Release|Any CPU
		{3D26FB71-D207-4E56-8AFB-67A9EAC87C7C}.AppStore|iPhoneSimulator.Build.0 = Release|Any CPU
		{3D26FB71-D207-4E56-8AFB-67A9EAC87C7C}.AppStore|x64.ActiveCfg = Release|Any CPU
		{3D26FB71-D207-4E56-8AFB-67A9EAC87C7C}.AppStore|x64.Build.0 = Release|Any CPU
		{3D26FB71-D207-4E56-8AFB-67A9EAC87C7C}.AppStore|x86.ActiveCfg = Release|Any CPU
		{3D26FB71-D207-4E56-8AFB-67A9EAC87C7C}.AppStore|x86.Build.0 = Release|Any CPU
		{3D26FB71-D207-4E56-8AFB-67A9EAC87C7C}.Debug|Any CPU.ActiveCfg = Debug|Any CPU
		{3D26FB71-D207-4E56-8AFB-67A9EAC87C7C}.Debug|Any CPU.Build.0 = Debug|Any CPU
		{3D26FB71-D207-4E56-8AFB-67A9EAC87C7C}.Debug|ARM.ActiveCfg = Debug|Any CPU
		{3D26FB71-D207-4E56-8AFB-67A9EAC87C7C}.Debug|ARM.Build.0 = Debug|Any CPU
		{3D26FB71-D207-4E56-8AFB-67A9EAC87C7C}.Debug|ARM64.ActiveCfg = Debug|Any CPU
		{3D26FB71-D207-4E56-8AFB-67A9EAC87C7C}.Debug|ARM64.Build.0 = Debug|Any CPU
		{3D26FB71-D207-4E56-8AFB-67A9EAC87C7C}.Debug|iPhone.ActiveCfg = Debug|Any CPU
		{3D26FB71-D207-4E56-8AFB-67A9EAC87C7C}.Debug|iPhone.Build.0 = Debug|Any CPU
		{3D26FB71-D207-4E56-8AFB-67A9EAC87C7C}.Debug|iPhoneSimulator.ActiveCfg = Debug|Any CPU
		{3D26FB71-D207-4E56-8AFB-67A9EAC87C7C}.Debug|iPhoneSimulator.Build.0 = Debug|Any CPU
		{3D26FB71-D207-4E56-8AFB-67A9EAC87C7C}.Debug|x64.ActiveCfg = Debug|Any CPU
		{3D26FB71-D207-4E56-8AFB-67A9EAC87C7C}.Debug|x64.Build.0 = Debug|Any CPU
		{3D26FB71-D207-4E56-8AFB-67A9EAC87C7C}.Debug|x86.ActiveCfg = Debug|Any CPU
		{3D26FB71-D207-4E56-8AFB-67A9EAC87C7C}.Debug|x86.Build.0 = Debug|Any CPU
		{3D26FB71-D207-4E56-8AFB-67A9EAC87C7C}.Release|Any CPU.ActiveCfg = Release|Any CPU
		{3D26FB71-D207-4E56-8AFB-67A9EAC87C7C}.Release|Any CPU.Build.0 = Release|Any CPU
		{3D26FB71-D207-4E56-8AFB-67A9EAC87C7C}.Release|ARM.ActiveCfg = Release|Any CPU
		{3D26FB71-D207-4E56-8AFB-67A9EAC87C7C}.Release|ARM.Build.0 = Release|Any CPU
		{3D26FB71-D207-4E56-8AFB-67A9EAC87C7C}.Release|ARM64.ActiveCfg = Release|Any CPU
		{3D26FB71-D207-4E56-8AFB-67A9EAC87C7C}.Release|ARM64.Build.0 = Release|Any CPU
		{3D26FB71-D207-4E56-8AFB-67A9EAC87C7C}.Release|iPhone.ActiveCfg = Release|Any CPU
		{3D26FB71-D207-4E56-8AFB-67A9EAC87C7C}.Release|iPhone.Build.0 = Release|Any CPU
		{3D26FB71-D207-4E56-8AFB-67A9EAC87C7C}.Release|iPhoneSimulator.ActiveCfg = Release|Any CPU
		{3D26FB71-D207-4E56-8AFB-67A9EAC87C7C}.Release|iPhoneSimulator.Build.0 = Release|Any CPU
		{3D26FB71-D207-4E56-8AFB-67A9EAC87C7C}.Release|x64.ActiveCfg = Release|Any CPU
		{3D26FB71-D207-4E56-8AFB-67A9EAC87C7C}.Release|x64.Build.0 = Release|Any CPU
		{3D26FB71-D207-4E56-8AFB-67A9EAC87C7C}.Release|x86.ActiveCfg = Release|Any CPU
		{3D26FB71-D207-4E56-8AFB-67A9EAC87C7C}.Release|x86.Build.0 = Release|Any CPU
		{DE6CBD5E-C31A-4907-9AC8-610484EF6E2A}.Ad-Hoc|Any CPU.ActiveCfg = Release|Any CPU
		{DE6CBD5E-C31A-4907-9AC8-610484EF6E2A}.Ad-Hoc|Any CPU.Build.0 = Release|Any CPU
		{DE6CBD5E-C31A-4907-9AC8-610484EF6E2A}.Ad-Hoc|ARM.ActiveCfg = Release|Any CPU
		{DE6CBD5E-C31A-4907-9AC8-610484EF6E2A}.Ad-Hoc|ARM.Build.0 = Release|Any CPU
		{DE6CBD5E-C31A-4907-9AC8-610484EF6E2A}.Ad-Hoc|ARM64.ActiveCfg = Release|Any CPU
		{DE6CBD5E-C31A-4907-9AC8-610484EF6E2A}.Ad-Hoc|ARM64.Build.0 = Release|Any CPU
		{DE6CBD5E-C31A-4907-9AC8-610484EF6E2A}.Ad-Hoc|iPhone.ActiveCfg = Release|Any CPU
		{DE6CBD5E-C31A-4907-9AC8-610484EF6E2A}.Ad-Hoc|iPhone.Build.0 = Release|Any CPU
		{DE6CBD5E-C31A-4907-9AC8-610484EF6E2A}.Ad-Hoc|iPhoneSimulator.ActiveCfg = Release|Any CPU
		{DE6CBD5E-C31A-4907-9AC8-610484EF6E2A}.Ad-Hoc|iPhoneSimulator.Build.0 = Release|Any CPU
		{DE6CBD5E-C31A-4907-9AC8-610484EF6E2A}.Ad-Hoc|x64.ActiveCfg = Release|Any CPU
		{DE6CBD5E-C31A-4907-9AC8-610484EF6E2A}.Ad-Hoc|x64.Build.0 = Release|Any CPU
		{DE6CBD5E-C31A-4907-9AC8-610484EF6E2A}.Ad-Hoc|x86.ActiveCfg = Release|Any CPU
		{DE6CBD5E-C31A-4907-9AC8-610484EF6E2A}.Ad-Hoc|x86.Build.0 = Release|Any CPU
		{DE6CBD5E-C31A-4907-9AC8-610484EF6E2A}.AppStore|Any CPU.ActiveCfg = Release|Any CPU
		{DE6CBD5E-C31A-4907-9AC8-610484EF6E2A}.AppStore|Any CPU.Build.0 = Release|Any CPU
		{DE6CBD5E-C31A-4907-9AC8-610484EF6E2A}.AppStore|ARM.ActiveCfg = Release|Any CPU
		{DE6CBD5E-C31A-4907-9AC8-610484EF6E2A}.AppStore|ARM.Build.0 = Release|Any CPU
		{DE6CBD5E-C31A-4907-9AC8-610484EF6E2A}.AppStore|ARM64.ActiveCfg = Release|Any CPU
		{DE6CBD5E-C31A-4907-9AC8-610484EF6E2A}.AppStore|ARM64.Build.0 = Release|Any CPU
		{DE6CBD5E-C31A-4907-9AC8-610484EF6E2A}.AppStore|iPhone.ActiveCfg = Release|Any CPU
		{DE6CBD5E-C31A-4907-9AC8-610484EF6E2A}.AppStore|iPhone.Build.0 = Release|Any CPU
		{DE6CBD5E-C31A-4907-9AC8-610484EF6E2A}.AppStore|iPhoneSimulator.ActiveCfg = Release|Any CPU
		{DE6CBD5E-C31A-4907-9AC8-610484EF6E2A}.AppStore|iPhoneSimulator.Build.0 = Release|Any CPU
		{DE6CBD5E-C31A-4907-9AC8-610484EF6E2A}.AppStore|x64.ActiveCfg = Release|Any CPU
		{DE6CBD5E-C31A-4907-9AC8-610484EF6E2A}.AppStore|x64.Build.0 = Release|Any CPU
		{DE6CBD5E-C31A-4907-9AC8-610484EF6E2A}.AppStore|x86.ActiveCfg = Release|Any CPU
		{DE6CBD5E-C31A-4907-9AC8-610484EF6E2A}.AppStore|x86.Build.0 = Release|Any CPU
		{DE6CBD5E-C31A-4907-9AC8-610484EF6E2A}.Debug|Any CPU.ActiveCfg = Debug|Any CPU
		{DE6CBD5E-C31A-4907-9AC8-610484EF6E2A}.Debug|Any CPU.Build.0 = Debug|Any CPU
		{DE6CBD5E-C31A-4907-9AC8-610484EF6E2A}.Debug|ARM.ActiveCfg = Debug|Any CPU
		{DE6CBD5E-C31A-4907-9AC8-610484EF6E2A}.Debug|ARM.Build.0 = Debug|Any CPU
		{DE6CBD5E-C31A-4907-9AC8-610484EF6E2A}.Debug|ARM64.ActiveCfg = Debug|Any CPU
		{DE6CBD5E-C31A-4907-9AC8-610484EF6E2A}.Debug|ARM64.Build.0 = Debug|Any CPU
		{DE6CBD5E-C31A-4907-9AC8-610484EF6E2A}.Debug|iPhone.ActiveCfg = Debug|Any CPU
		{DE6CBD5E-C31A-4907-9AC8-610484EF6E2A}.Debug|iPhone.Build.0 = Debug|Any CPU
		{DE6CBD5E-C31A-4907-9AC8-610484EF6E2A}.Debug|iPhoneSimulator.ActiveCfg = Debug|Any CPU
		{DE6CBD5E-C31A-4907-9AC8-610484EF6E2A}.Debug|iPhoneSimulator.Build.0 = Debug|Any CPU
		{DE6CBD5E-C31A-4907-9AC8-610484EF6E2A}.Debug|x64.ActiveCfg = Debug|Any CPU
		{DE6CBD5E-C31A-4907-9AC8-610484EF6E2A}.Debug|x64.Build.0 = Debug|Any CPU
		{DE6CBD5E-C31A-4907-9AC8-610484EF6E2A}.Debug|x86.ActiveCfg = Debug|Any CPU
		{DE6CBD5E-C31A-4907-9AC8-610484EF6E2A}.Debug|x86.Build.0 = Debug|Any CPU
		{DE6CBD5E-C31A-4907-9AC8-610484EF6E2A}.Release|Any CPU.ActiveCfg = Release|Any CPU
		{DE6CBD5E-C31A-4907-9AC8-610484EF6E2A}.Release|Any CPU.Build.0 = Release|Any CPU
		{DE6CBD5E-C31A-4907-9AC8-610484EF6E2A}.Release|ARM.ActiveCfg = Release|Any CPU
		{DE6CBD5E-C31A-4907-9AC8-610484EF6E2A}.Release|ARM.Build.0 = Release|Any CPU
		{DE6CBD5E-C31A-4907-9AC8-610484EF6E2A}.Release|ARM64.ActiveCfg = Release|Any CPU
		{DE6CBD5E-C31A-4907-9AC8-610484EF6E2A}.Release|ARM64.Build.0 = Release|Any CPU
		{DE6CBD5E-C31A-4907-9AC8-610484EF6E2A}.Release|iPhone.ActiveCfg = Release|Any CPU
		{DE6CBD5E-C31A-4907-9AC8-610484EF6E2A}.Release|iPhone.Build.0 = Release|Any CPU
		{DE6CBD5E-C31A-4907-9AC8-610484EF6E2A}.Release|iPhoneSimulator.ActiveCfg = Release|Any CPU
		{DE6CBD5E-C31A-4907-9AC8-610484EF6E2A}.Release|iPhoneSimulator.Build.0 = Release|Any CPU
		{DE6CBD5E-C31A-4907-9AC8-610484EF6E2A}.Release|x64.ActiveCfg = Release|Any CPU
		{DE6CBD5E-C31A-4907-9AC8-610484EF6E2A}.Release|x64.Build.0 = Release|Any CPU
		{DE6CBD5E-C31A-4907-9AC8-610484EF6E2A}.Release|x86.ActiveCfg = Release|Any CPU
		{DE6CBD5E-C31A-4907-9AC8-610484EF6E2A}.Release|x86.Build.0 = Release|Any CPU
		{AB427469-4B24-4E95-A534-66B33088D038}.Ad-Hoc|Any CPU.ActiveCfg = Release|Any CPU
		{AB427469-4B24-4E95-A534-66B33088D038}.Ad-Hoc|Any CPU.Build.0 = Release|Any CPU
		{AB427469-4B24-4E95-A534-66B33088D038}.Ad-Hoc|ARM.ActiveCfg = Release|Any CPU
		{AB427469-4B24-4E95-A534-66B33088D038}.Ad-Hoc|ARM.Build.0 = Release|Any CPU
		{AB427469-4B24-4E95-A534-66B33088D038}.Ad-Hoc|ARM64.ActiveCfg = Release|Any CPU
		{AB427469-4B24-4E95-A534-66B33088D038}.Ad-Hoc|ARM64.Build.0 = Release|Any CPU
		{AB427469-4B24-4E95-A534-66B33088D038}.Ad-Hoc|iPhone.ActiveCfg = Release|Any CPU
		{AB427469-4B24-4E95-A534-66B33088D038}.Ad-Hoc|iPhone.Build.0 = Release|Any CPU
		{AB427469-4B24-4E95-A534-66B33088D038}.Ad-Hoc|iPhoneSimulator.ActiveCfg = Release|Any CPU
		{AB427469-4B24-4E95-A534-66B33088D038}.Ad-Hoc|iPhoneSimulator.Build.0 = Release|Any CPU
		{AB427469-4B24-4E95-A534-66B33088D038}.Ad-Hoc|x64.ActiveCfg = Release|Any CPU
		{AB427469-4B24-4E95-A534-66B33088D038}.Ad-Hoc|x64.Build.0 = Release|Any CPU
		{AB427469-4B24-4E95-A534-66B33088D038}.Ad-Hoc|x86.ActiveCfg = Release|Any CPU
		{AB427469-4B24-4E95-A534-66B33088D038}.Ad-Hoc|x86.Build.0 = Release|Any CPU
		{AB427469-4B24-4E95-A534-66B33088D038}.AppStore|Any CPU.ActiveCfg = Release|Any CPU
		{AB427469-4B24-4E95-A534-66B33088D038}.AppStore|Any CPU.Build.0 = Release|Any CPU
		{AB427469-4B24-4E95-A534-66B33088D038}.AppStore|ARM.ActiveCfg = Release|Any CPU
		{AB427469-4B24-4E95-A534-66B33088D038}.AppStore|ARM.Build.0 = Release|Any CPU
		{AB427469-4B24-4E95-A534-66B33088D038}.AppStore|ARM64.ActiveCfg = Release|Any CPU
		{AB427469-4B24-4E95-A534-66B33088D038}.AppStore|ARM64.Build.0 = Release|Any CPU
		{AB427469-4B24-4E95-A534-66B33088D038}.AppStore|iPhone.ActiveCfg = Release|Any CPU
		{AB427469-4B24-4E95-A534-66B33088D038}.AppStore|iPhone.Build.0 = Release|Any CPU
		{AB427469-4B24-4E95-A534-66B33088D038}.AppStore|iPhoneSimulator.ActiveCfg = Release|Any CPU
		{AB427469-4B24-4E95-A534-66B33088D038}.AppStore|iPhoneSimulator.Build.0 = Release|Any CPU
		{AB427469-4B24-4E95-A534-66B33088D038}.AppStore|x64.ActiveCfg = Release|Any CPU
		{AB427469-4B24-4E95-A534-66B33088D038}.AppStore|x64.Build.0 = Release|Any CPU
		{AB427469-4B24-4E95-A534-66B33088D038}.AppStore|x86.ActiveCfg = Release|Any CPU
		{AB427469-4B24-4E95-A534-66B33088D038}.AppStore|x86.Build.0 = Release|Any CPU
		{AB427469-4B24-4E95-A534-66B33088D038}.Debug|Any CPU.ActiveCfg = Debug|Any CPU
		{AB427469-4B24-4E95-A534-66B33088D038}.Debug|Any CPU.Build.0 = Debug|Any CPU
		{AB427469-4B24-4E95-A534-66B33088D038}.Debug|ARM.ActiveCfg = Debug|Any CPU
		{AB427469-4B24-4E95-A534-66B33088D038}.Debug|ARM.Build.0 = Debug|Any CPU
		{AB427469-4B24-4E95-A534-66B33088D038}.Debug|ARM64.ActiveCfg = Debug|Any CPU
		{AB427469-4B24-4E95-A534-66B33088D038}.Debug|ARM64.Build.0 = Debug|Any CPU
		{AB427469-4B24-4E95-A534-66B33088D038}.Debug|iPhone.ActiveCfg = Debug|Any CPU
		{AB427469-4B24-4E95-A534-66B33088D038}.Debug|iPhone.Build.0 = Debug|Any CPU
		{AB427469-4B24-4E95-A534-66B33088D038}.Debug|iPhoneSimulator.ActiveCfg = Debug|Any CPU
		{AB427469-4B24-4E95-A534-66B33088D038}.Debug|iPhoneSimulator.Build.0 = Debug|Any CPU
		{AB427469-4B24-4E95-A534-66B33088D038}.Debug|x64.ActiveCfg = Debug|Any CPU
		{AB427469-4B24-4E95-A534-66B33088D038}.Debug|x64.Build.0 = Debug|Any CPU
		{AB427469-4B24-4E95-A534-66B33088D038}.Debug|x86.ActiveCfg = Debug|Any CPU
		{AB427469-4B24-4E95-A534-66B33088D038}.Debug|x86.Build.0 = Debug|Any CPU
		{AB427469-4B24-4E95-A534-66B33088D038}.Release|Any CPU.ActiveCfg = Release|Any CPU
		{AB427469-4B24-4E95-A534-66B33088D038}.Release|Any CPU.Build.0 = Release|Any CPU
		{AB427469-4B24-4E95-A534-66B33088D038}.Release|ARM.ActiveCfg = Release|Any CPU
		{AB427469-4B24-4E95-A534-66B33088D038}.Release|ARM.Build.0 = Release|Any CPU
		{AB427469-4B24-4E95-A534-66B33088D038}.Release|ARM64.ActiveCfg = Release|Any CPU
		{AB427469-4B24-4E95-A534-66B33088D038}.Release|ARM64.Build.0 = Release|Any CPU
		{AB427469-4B24-4E95-A534-66B33088D038}.Release|iPhone.ActiveCfg = Release|Any CPU
		{AB427469-4B24-4E95-A534-66B33088D038}.Release|iPhone.Build.0 = Release|Any CPU
		{AB427469-4B24-4E95-A534-66B33088D038}.Release|iPhoneSimulator.ActiveCfg = Release|Any CPU
		{AB427469-4B24-4E95-A534-66B33088D038}.Release|iPhoneSimulator.Build.0 = Release|Any CPU
		{AB427469-4B24-4E95-A534-66B33088D038}.Release|x64.ActiveCfg = Release|Any CPU
		{AB427469-4B24-4E95-A534-66B33088D038}.Release|x64.Build.0 = Release|Any CPU
		{AB427469-4B24-4E95-A534-66B33088D038}.Release|x86.ActiveCfg = Release|Any CPU
		{AB427469-4B24-4E95-A534-66B33088D038}.Release|x86.Build.0 = Release|Any CPU
		{00C4A2A4-6907-47B1-9E06-1F1ABF0686B7}.Ad-Hoc|Any CPU.ActiveCfg = Ad-Hoc|iPhone
		{00C4A2A4-6907-47B1-9E06-1F1ABF0686B7}.Ad-Hoc|ARM.ActiveCfg = Ad-Hoc|iPhone
		{00C4A2A4-6907-47B1-9E06-1F1ABF0686B7}.Ad-Hoc|ARM64.ActiveCfg = Ad-Hoc|iPhone
		{00C4A2A4-6907-47B1-9E06-1F1ABF0686B7}.Ad-Hoc|iPhone.ActiveCfg = Ad-Hoc|iPhone
		{00C4A2A4-6907-47B1-9E06-1F1ABF0686B7}.Ad-Hoc|iPhone.Build.0 = Ad-Hoc|iPhone
		{00C4A2A4-6907-47B1-9E06-1F1ABF0686B7}.Ad-Hoc|iPhoneSimulator.ActiveCfg = Ad-Hoc|iPhoneSimulator
		{00C4A2A4-6907-47B1-9E06-1F1ABF0686B7}.Ad-Hoc|iPhoneSimulator.Build.0 = Ad-Hoc|iPhoneSimulator
		{00C4A2A4-6907-47B1-9E06-1F1ABF0686B7}.Ad-Hoc|x64.ActiveCfg = Ad-Hoc|iPhone
		{00C4A2A4-6907-47B1-9E06-1F1ABF0686B7}.Ad-Hoc|x86.ActiveCfg = Ad-Hoc|iPhone
		{00C4A2A4-6907-47B1-9E06-1F1ABF0686B7}.AppStore|Any CPU.ActiveCfg = AppStore|iPhone
		{00C4A2A4-6907-47B1-9E06-1F1ABF0686B7}.AppStore|ARM.ActiveCfg = AppStore|iPhone
		{00C4A2A4-6907-47B1-9E06-1F1ABF0686B7}.AppStore|ARM64.ActiveCfg = AppStore|iPhone
		{00C4A2A4-6907-47B1-9E06-1F1ABF0686B7}.AppStore|iPhone.ActiveCfg = AppStore|iPhone
		{00C4A2A4-6907-47B1-9E06-1F1ABF0686B7}.AppStore|iPhone.Build.0 = AppStore|iPhone
		{00C4A2A4-6907-47B1-9E06-1F1ABF0686B7}.AppStore|iPhoneSimulator.ActiveCfg = AppStore|iPhoneSimulator
		{00C4A2A4-6907-47B1-9E06-1F1ABF0686B7}.AppStore|iPhoneSimulator.Build.0 = AppStore|iPhoneSimulator
		{00C4A2A4-6907-47B1-9E06-1F1ABF0686B7}.AppStore|x64.ActiveCfg = AppStore|iPhone
		{00C4A2A4-6907-47B1-9E06-1F1ABF0686B7}.AppStore|x86.ActiveCfg = AppStore|iPhone
		{00C4A2A4-6907-47B1-9E06-1F1ABF0686B7}.Debug|Any CPU.ActiveCfg = Debug|iPhone
		{00C4A2A4-6907-47B1-9E06-1F1ABF0686B7}.Debug|ARM.ActiveCfg = Debug|iPhone
		{00C4A2A4-6907-47B1-9E06-1F1ABF0686B7}.Debug|ARM64.ActiveCfg = Debug|iPhone
		{00C4A2A4-6907-47B1-9E06-1F1ABF0686B7}.Debug|iPhone.ActiveCfg = Debug|iPhone
		{00C4A2A4-6907-47B1-9E06-1F1ABF0686B7}.Debug|iPhone.Build.0 = Debug|iPhone
		{00C4A2A4-6907-47B1-9E06-1F1ABF0686B7}.Debug|iPhoneSimulator.ActiveCfg = Debug|iPhoneSimulator
		{00C4A2A4-6907-47B1-9E06-1F1ABF0686B7}.Debug|iPhoneSimulator.Build.0 = Debug|iPhoneSimulator
		{00C4A2A4-6907-47B1-9E06-1F1ABF0686B7}.Debug|x64.ActiveCfg = Debug|iPhone
		{00C4A2A4-6907-47B1-9E06-1F1ABF0686B7}.Debug|x86.ActiveCfg = Debug|iPhone
		{00C4A2A4-6907-47B1-9E06-1F1ABF0686B7}.Release|Any CPU.ActiveCfg = Release|iPhone
		{00C4A2A4-6907-47B1-9E06-1F1ABF0686B7}.Release|ARM.ActiveCfg = Release|iPhone
		{00C4A2A4-6907-47B1-9E06-1F1ABF0686B7}.Release|ARM64.ActiveCfg = Release|iPhone
		{00C4A2A4-6907-47B1-9E06-1F1ABF0686B7}.Release|iPhone.ActiveCfg = Release|iPhone
		{00C4A2A4-6907-47B1-9E06-1F1ABF0686B7}.Release|iPhone.Build.0 = Release|iPhone
		{00C4A2A4-6907-47B1-9E06-1F1ABF0686B7}.Release|iPhoneSimulator.ActiveCfg = Release|iPhoneSimulator
		{00C4A2A4-6907-47B1-9E06-1F1ABF0686B7}.Release|iPhoneSimulator.Build.0 = Release|iPhoneSimulator
		{00C4A2A4-6907-47B1-9E06-1F1ABF0686B7}.Release|x64.ActiveCfg = Release|iPhone
		{00C4A2A4-6907-47B1-9E06-1F1ABF0686B7}.Release|x86.ActiveCfg = Release|iPhone
	EndGlobalSection
	GlobalSection(SolutionProperties) = preSolution
		HideSolutionNode = FALSE
	EndGlobalSection
	GlobalSection(ExtensibilityGlobals) = postSolution
		SolutionGuid = {0A8F9075-38FE-4C85-A28C-631452C7A21F}
	EndGlobalSection
EndGlobal
