Microsoft Visual Studio Solution File, Format Version 12.00
# Visual Studio Version 16
VisualStudioVersion = 16.0.29728.190
MinimumVisualStudioVersion = 10.0.40219.1
Project("{9A19103F-16F7-4668-BE54-9A1E7A4F7556}") = "MathConverter", "MathConverter\MathConverter.csproj", "{C53EC42B-978E-4667-A9A9-6401793267B7}"
EndProject
Project("{9A19103F-16F7-4668-BE54-9A1E7A4F7556}") = "MathConverter.Demo", "Demo\MathConverter.Demo.csproj", "{7EF5718A-6F96-4680-A63A-F1778FD92092}"
EndProject
Project("{9A19103F-16F7-4668-BE54-9A1E7A4F7556}") = "MathConverter.UnitTests", "UnitTests\MathConverter.UnitTests.csproj", "{490F8728-751D-4B98-8786-1F9D737E84BA}"
EndProject
Project("{2150E333-8FDC-42A3-9474-1A3956D46DE8}") = "Solution Items", "Solution Items", "{7F4CC393-A1F5-4591-90E9-F299D83549D9}"
	ProjectSection(SolutionItems) = preProject
		README.md = README.md
	EndProjectSection
EndProject
Project("{FAE04EC0-301F-11D3-BF4B-00C04F79EFBC}") = "MathConverter.UnitTests.NET35", "UnitTests.NET35\MathConverter.UnitTests.NET35.csproj", "{65C1CC79-D72E-4A08-A1F9-B3BD3E030C39}"
EndProject
Project("{FAE04EC0-301F-11D3-BF4B-00C04F79EFBC}") = "MathConverter.UnitTests.NET40", "UnitTests.NET40\MathConverter.UnitTests.NET40.csproj", "{90489DB2-DB02-4B48-B41C-0D454D01FE24}"
EndProject
Project("{D954291E-2A0B-460D-934E-DC6B0785DB48}") = "MathConverter.UnitTests.Shared", "MathConverter.UnitTests.Shared\MathConverter.UnitTests.Shared.shproj", "{10CC73E2-0490-41C2-A610-355BF1014EF1}"
EndProject
Global
	GlobalSection(SharedMSBuildProjectFiles) = preSolution
		MathConverter.UnitTests.Shared\MathConverter.UnitTests.Shared.projitems*{10cc73e2-0490-41c2-a610-355bf1014ef1}*SharedItemsImports = 13
		MathConverter.UnitTests.Shared\MathConverter.UnitTests.Shared.projitems*{490f8728-751d-4b98-8786-1f9d737e84ba}*SharedItemsImports = 5
		MathConverter.UnitTests.Shared\MathConverter.UnitTests.Shared.projitems*{65c1cc79-d72e-4a08-a1f9-b3bd3e030c39}*SharedItemsImports = 4
		MathConverter.UnitTests.Shared\MathConverter.UnitTests.Shared.projitems*{90489db2-db02-4b48-b41c-0d454d01fe24}*SharedItemsImports = 4
	EndGlobalSection
	GlobalSection(SolutionConfigurationPlatforms) = preSolution
		Debug|Any CPU = Debug|Any CPU
		Release|Any CPU = Release|Any CPU
	EndGlobalSection
	GlobalSection(ProjectConfigurationPlatforms) = postSolution
		{C53EC42B-978E-4667-A9A9-6401793267B7}.Debug|Any CPU.ActiveCfg = Debug|Any CPU
		{C53EC42B-978E-4667-A9A9-6401793267B7}.Debug|Any CPU.Build.0 = Debug|Any CPU
		{C53EC42B-978E-4667-A9A9-6401793267B7}.Release|Any CPU.ActiveCfg = Release|Any CPU
		{C53EC42B-978E-4667-A9A9-6401793267B7}.Release|Any CPU.Build.0 = Release|Any CPU
		{7EF5718A-6F96-4680-A63A-F1778FD92092}.Debug|Any CPU.ActiveCfg = Debug|Any CPU
		{7EF5718A-6F96-4680-A63A-F1778FD92092}.Debug|Any CPU.Build.0 = Debug|Any CPU
		{7EF5718A-6F96-4680-A63A-F1778FD92092}.Release|Any CPU.ActiveCfg = Release|Any CPU
		{7EF5718A-6F96-4680-A63A-F1778FD92092}.Release|Any CPU.Build.0 = Release|Any CPU
		{490F8728-751D-4B98-8786-1F9D737E84BA}.Debug|Any CPU.ActiveCfg = Debug|Any CPU
		{490F8728-751D-4B98-8786-1F9D737E84BA}.Debug|Any CPU.Build.0 = Debug|Any CPU
		{490F8728-751D-4B98-8786-1F9D737E84BA}.Release|Any CPU.ActiveCfg = Release|Any CPU
		{490F8728-751D-4B98-8786-1F9D737E84BA}.Release|Any CPU.Build.0 = Release|Any CPU
		{65C1CC79-D72E-4A08-A1F9-B3BD3E030C39}.Debug|Any CPU.ActiveCfg = Debug|Any CPU
		{65C1CC79-D72E-4A08-A1F9-B3BD3E030C39}.Debug|Any CPU.Build.0 = Debug|Any CPU
		{65C1CC79-D72E-4A08-A1F9-B3BD3E030C39}.Release|Any CPU.ActiveCfg = Release|Any CPU
		{65C1CC79-D72E-4A08-A1F9-B3BD3E030C39}.Release|Any CPU.Build.0 = Release|Any CPU
		{90489DB2-DB02-4B48-B41C-0D454D01FE24}.Debug|Any CPU.ActiveCfg = Debug|Any CPU
		{90489DB2-DB02-4B48-B41C-0D454D01FE24}.Debug|Any CPU.Build.0 = Debug|Any CPU
		{90489DB2-DB02-4B48-B41C-0D454D01FE24}.Release|Any CPU.ActiveCfg = Release|Any CPU
		{90489DB2-DB02-4B48-B41C-0D454D01FE24}.Release|Any CPU.Build.0 = Release|Any CPU
	EndGlobalSection
	GlobalSection(SolutionProperties) = preSolution
		HideSolutionNode = FALSE
	EndGlobalSection
	GlobalSection(ExtensibilityGlobals) = postSolution
		SolutionGuid = {0A8F9075-38FE-4C85-A28C-631452C7A21F}
	EndGlobalSection
EndGlobal
