Microsoft Visual Studio Solution File, Format Version 12.00
# Visual Studio Version 18
VisualStudioVersion = 18.2.11415.280
MinimumVisualStudioVersion = 10.0.40219.1
Project("{9A19103F-16F7-4668-BE54-9A1E7A4F7556}") = "MathConverter.WPF", "Projects\WPF\App\MathConverter.WPF.csproj", "{C53EC42B-978E-4667-A9A9-6401793267B7}"
EndProject
Project("{9A19103F-16F7-4668-BE54-9A1E7A4F7556}") = "MathConverter.Demo.WPF", "Demos\WPF\MathConverter.Demo.WPF.csproj", "{7EF5718A-6F96-4680-A63A-F1778FD92092}"
EndProject
Project("{2150E333-8FDC-42A3-9474-1A3956D46DE8}") = "Readme", "Readme", "{7F4CC393-A1F5-4591-90E9-F299D83549D9}"
	ProjectSection(SolutionItems) = preProject
		..\Nuget README.md = ..\Nuget README.md
		..\README.md = ..\README.md
	EndProjectSection
EndProject
Project("{9A19103F-16F7-4668-BE54-9A1E7A4F7556}") = "MathConverter.UnitTests.WPF", "Projects\WPF\UnitTests\MathConverter.UnitTests.WPF.csproj", "{3D26FB71-D207-4E56-8AFB-67A9EAC87C7C}"
EndProject
Project("{2150E333-8FDC-42A3-9474-1A3956D46DE8}") = "App", "App", "{0958FF56-9176-46C0-BC7A-88559C729246}"
EndProject
Project("{2150E333-8FDC-42A3-9474-1A3956D46DE8}") = "UnitTests", "UnitTests", "{CA39EEDB-5FC8-46E9-B5A4-74C7AAF3F02B}"
EndProject
Project("{2150E333-8FDC-42A3-9474-1A3956D46DE8}") = "WPF", "WPF", "{04FFD3F5-E07C-4F98-95CF-37CB79273686}"
EndProject
Project("{2150E333-8FDC-42A3-9474-1A3956D46DE8}") = "Demos", "Demos", "{3E2A7D28-66DA-4C25-AE20-9B07FBC8087F}"
EndProject
Project("{2150E333-8FDC-42A3-9474-1A3956D46DE8}") = "Assets", "Assets", "{4095B614-553F-422A-8875-2A8B278D144C}"
	ProjectSection(SolutionItems) = preProject
		..\ReadmeAssets\Banner.svg = ..\ReadmeAssets\Banner.svg
		..\ReadmeAssets\Boolean to Visibility.gif = ..\ReadmeAssets\Boolean to Visibility.gif
		..\ReadmeAssets\Custom Function Animation.gif = ..\ReadmeAssets\Custom Function Animation.gif
		..\ReadmeAssets\Custom Function.png = ..\ReadmeAssets\Custom Function.png
		..\ReadmeAssets\Evenly-Spaced Rectangles.png = ..\ReadmeAssets\Evenly-Spaced Rectangles.png
		..\ReadmeAssets\Flattened Oval.png = ..\ReadmeAssets\Flattened Oval.png
		..\ReadmeAssets\Interpolated String Animation.gif = ..\ReadmeAssets\Interpolated String Animation.gif
		..\ReadmeAssets\No ConverterParameter.png = ..\ReadmeAssets\No ConverterParameter.png
		..\ReadmeAssets\Now Plus Six Hours.png = ..\ReadmeAssets\Now Plus Six Hours.png
		..\ReadmeAssets\True Rounded Rectangle.png = ..\ReadmeAssets\True Rounded Rectangle.png
		..\ReadmeAssets\Wide Rounded Rectangle.png = ..\ReadmeAssets\Wide Rounded Rectangle.png
	EndProjectSection
EndProject
Project("{9A19103F-16F7-4668-BE54-9A1E7A4F7556}") = "MathConverter.Maui", "Projects\Maui\App\MathConverter.Maui.csproj", "{6C41DD7D-DF60-47EF-A2BB-A470448EB901}"
EndProject
Project("{2150E333-8FDC-42A3-9474-1A3956D46DE8}") = "Maui", "Maui", "{A50009DB-C729-4DDF-B799-E01D046922C8}"
EndProject
Project("{9A19103F-16F7-4668-BE54-9A1E7A4F7556}") = "MathConverter.UnitTests.Maui", "Projects\Maui\UnitTests\MathConverter.UnitTests.Maui.csproj", "{FB2E46CC-F0AF-4A2F-A047-83E01BE077D9}"
EndProject
Global
	GlobalSection(SolutionConfigurationPlatforms) = preSolution
		Debug|Any CPU = Debug|Any CPU
		Debug|ARM = Debug|ARM
		Debug|ARM64 = Debug|ARM64
		Debug|iPhone = Debug|iPhone
		Debug|iPhoneSimulator = Debug|iPhoneSimulator
		Debug|x64 = Debug|x64
		Debug|x86 = Debug|x86
		Release|Any CPU = Release|Any CPU
		Release|ARM = Release|ARM
		Release|ARM64 = Release|ARM64
		Release|iPhone = Release|iPhone
		Release|iPhoneSimulator = Release|iPhoneSimulator
		Release|x64 = Release|x64
		Release|x86 = Release|x86
	EndGlobalSection
	GlobalSection(ProjectConfigurationPlatforms) = postSolution
		{C53EC42B-978E-4667-A9A9-6401793267B7}.Debug|Any CPU.ActiveCfg = Debug|Any CPU
		{C53EC42B-978E-4667-A9A9-6401793267B7}.Debug|Any CPU.Build.0 = Debug|Any CPU
		{C53EC42B-978E-4667-A9A9-6401793267B7}.Debug|ARM.ActiveCfg = Debug|Any CPU
		{C53EC42B-978E-4667-A9A9-6401793267B7}.Debug|ARM.Build.0 = Debug|Any CPU
		{C53EC42B-978E-4667-A9A9-6401793267B7}.Debug|ARM64.ActiveCfg = Debug|Any CPU
		{C53EC42B-978E-4667-A9A9-6401793267B7}.Debug|ARM64.Build.0 = Debug|Any CPU
		{C53EC42B-978E-4667-A9A9-6401793267B7}.Debug|iPhone.ActiveCfg = Debug|Any CPU
		{C53EC42B-978E-4667-A9A9-6401793267B7}.Debug|iPhone.Build.0 = Debug|Any CPU
		{C53EC42B-978E-4667-A9A9-6401793267B7}.Debug|iPhoneSimulator.ActiveCfg = Debug|Any CPU
		{C53EC42B-978E-4667-A9A9-6401793267B7}.Debug|iPhoneSimulator.Build.0 = Debug|Any CPU
		{C53EC42B-978E-4667-A9A9-6401793267B7}.Debug|x64.ActiveCfg = Debug|Any CPU
		{C53EC42B-978E-4667-A9A9-6401793267B7}.Debug|x64.Build.0 = Debug|Any CPU
		{C53EC42B-978E-4667-A9A9-6401793267B7}.Debug|x86.ActiveCfg = Debug|Any CPU
		{C53EC42B-978E-4667-A9A9-6401793267B7}.Debug|x86.Build.0 = Debug|Any CPU
		{C53EC42B-978E-4667-A9A9-6401793267B7}.Release|Any CPU.ActiveCfg = Release|Any CPU
		{C53EC42B-978E-4667-A9A9-6401793267B7}.Release|Any CPU.Build.0 = Release|Any CPU
		{C53EC42B-978E-4667-A9A9-6401793267B7}.Release|ARM.ActiveCfg = Release|Any CPU
		{C53EC42B-978E-4667-A9A9-6401793267B7}.Release|ARM.Build.0 = Release|Any CPU
		{C53EC42B-978E-4667-A9A9-6401793267B7}.Release|ARM64.ActiveCfg = Release|Any CPU
		{C53EC42B-978E-4667-A9A9-6401793267B7}.Release|ARM64.Build.0 = Release|Any CPU
		{C53EC42B-978E-4667-A9A9-6401793267B7}.Release|iPhone.ActiveCfg = Release|Any CPU
		{C53EC42B-978E-4667-A9A9-6401793267B7}.Release|iPhone.Build.0 = Release|Any CPU
		{C53EC42B-978E-4667-A9A9-6401793267B7}.Release|iPhoneSimulator.ActiveCfg = Release|Any CPU
		{C53EC42B-978E-4667-A9A9-6401793267B7}.Release|iPhoneSimulator.Build.0 = Release|Any CPU
		{C53EC42B-978E-4667-A9A9-6401793267B7}.Release|x64.ActiveCfg = Release|Any CPU
		{C53EC42B-978E-4667-A9A9-6401793267B7}.Release|x64.Build.0 = Release|Any CPU
		{C53EC42B-978E-4667-A9A9-6401793267B7}.Release|x86.ActiveCfg = Release|Any CPU
		{C53EC42B-978E-4667-A9A9-6401793267B7}.Release|x86.Build.0 = Release|Any CPU
		{7EF5718A-6F96-4680-A63A-F1778FD92092}.Debug|Any CPU.ActiveCfg = Debug|Any CPU
		{7EF5718A-6F96-4680-A63A-F1778FD92092}.Debug|Any CPU.Build.0 = Debug|Any CPU
		{7EF5718A-6F96-4680-A63A-F1778FD92092}.Debug|ARM.ActiveCfg = Debug|Any CPU
		{7EF5718A-6F96-4680-A63A-F1778FD92092}.Debug|ARM.Build.0 = Debug|Any CPU
		{7EF5718A-6F96-4680-A63A-F1778FD92092}.Debug|ARM64.ActiveCfg = Debug|Any CPU
		{7EF5718A-6F96-4680-A63A-F1778FD92092}.Debug|ARM64.Build.0 = Debug|Any CPU
		{7EF5718A-6F96-4680-A63A-F1778FD92092}.Debug|iPhone.ActiveCfg = Debug|Any CPU
		{7EF5718A-6F96-4680-A63A-F1778FD92092}.Debug|iPhoneSimulator.ActiveCfg = Debug|Any CPU
		{7EF5718A-6F96-4680-A63A-F1778FD92092}.Debug|x64.ActiveCfg = Debug|Any CPU
		{7EF5718A-6F96-4680-A63A-F1778FD92092}.Debug|x64.Build.0 = Debug|Any CPU
		{7EF5718A-6F96-4680-A63A-F1778FD92092}.Debug|x86.ActiveCfg = Debug|Any CPU
		{7EF5718A-6F96-4680-A63A-F1778FD92092}.Debug|x86.Build.0 = Debug|Any CPU
		{7EF5718A-6F96-4680-A63A-F1778FD92092}.Release|Any CPU.ActiveCfg = Release|Any CPU
		{7EF5718A-6F96-4680-A63A-F1778FD92092}.Release|Any CPU.Build.0 = Release|Any CPU
		{7EF5718A-6F96-4680-A63A-F1778FD92092}.Release|ARM.ActiveCfg = Release|Any CPU
		{7EF5718A-6F96-4680-A63A-F1778FD92092}.Release|ARM.Build.0 = Release|Any CPU
		{7EF5718A-6F96-4680-A63A-F1778FD92092}.Release|ARM64.ActiveCfg = Release|Any CPU
		{7EF5718A-6F96-4680-A63A-F1778FD92092}.Release|ARM64.Build.0 = Release|Any CPU
		{7EF5718A-6F96-4680-A63A-F1778FD92092}.Release|iPhone.ActiveCfg = Release|Any CPU
		{7EF5718A-6F96-4680-A63A-F1778FD92092}.Release|iPhoneSimulator.ActiveCfg = Release|Any CPU
		{7EF5718A-6F96-4680-A63A-F1778FD92092}.Release|x64.ActiveCfg = Release|Any CPU
		{7EF5718A-6F96-4680-A63A-F1778FD92092}.Release|x64.Build.0 = Release|Any CPU
		{7EF5718A-6F96-4680-A63A-F1778FD92092}.Release|x86.ActiveCfg = Release|Any CPU
		{7EF5718A-6F96-4680-A63A-F1778FD92092}.Release|x86.Build.0 = Release|Any CPU
		{3D26FB71-D207-4E56-8AFB-67A9EAC87C7C}.Debug|Any CPU.ActiveCfg = Debug|Any CPU
		{3D26FB71-D207-4E56-8AFB-67A9EAC87C7C}.Debug|Any CPU.Build.0 = Debug|Any CPU
		{3D26FB71-D207-4E56-8AFB-67A9EAC87C7C}.Debug|ARM.ActiveCfg = Debug|Any CPU
		{3D26FB71-D207-4E56-8AFB-67A9EAC87C7C}.Debug|ARM.Build.0 = Debug|Any CPU
		{3D26FB71-D207-4E56-8AFB-67A9EAC87C7C}.Debug|ARM64.ActiveCfg = Debug|Any CPU
		{3D26FB71-D207-4E56-8AFB-67A9EAC87C7C}.Debug|ARM64.Build.0 = Debug|Any CPU
		{3D26FB71-D207-4E56-8AFB-67A9EAC87C7C}.Debug|iPhone.ActiveCfg = Debug|Any CPU
		{3D26FB71-D207-4E56-8AFB-67A9EAC87C7C}.Debug|iPhone.Build.0 = Debug|Any CPU
		{3D26FB71-D207-4E56-8AFB-67A9EAC87C7C}.Debug|iPhoneSimulator.ActiveCfg = Debug|Any CPU
		{3D26FB71-D207-4E56-8AFB-67A9EAC87C7C}.Debug|iPhoneSimulator.Build.0 = Debug|Any CPU
		{3D26FB71-D207-4E56-8AFB-67A9EAC87C7C}.Debug|x64.ActiveCfg = Debug|Any CPU
		{3D26FB71-D207-4E56-8AFB-67A9EAC87C7C}.Debug|x64.Build.0 = Debug|Any CPU
		{3D26FB71-D207-4E56-8AFB-67A9EAC87C7C}.Debug|x86.ActiveCfg = Debug|Any CPU
		{3D26FB71-D207-4E56-8AFB-67A9EAC87C7C}.Debug|x86.Build.0 = Debug|Any CPU
		{3D26FB71-D207-4E56-8AFB-67A9EAC87C7C}.Release|Any CPU.ActiveCfg = Release|Any CPU
		{3D26FB71-D207-4E56-8AFB-67A9EAC87C7C}.Release|Any CPU.Build.0 = Release|Any CPU
		{3D26FB71-D207-4E56-8AFB-67A9EAC87C7C}.Release|ARM.ActiveCfg = Release|Any CPU
		{3D26FB71-D207-4E56-8AFB-67A9EAC87C7C}.Release|ARM.Build.0 = Release|Any CPU
		{3D26FB71-D207-4E56-8AFB-67A9EAC87C7C}.Release|ARM64.ActiveCfg = Release|Any CPU
		{3D26FB71-D207-4E56-8AFB-67A9EAC87C7C}.Release|ARM64.Build.0 = Release|Any CPU
		{3D26FB71-D207-4E56-8AFB-67A9EAC87C7C}.Release|iPhone.ActiveCfg = Release|Any CPU
		{3D26FB71-D207-4E56-8AFB-67A9EAC87C7C}.Release|iPhone.Build.0 = Release|Any CPU
		{3D26FB71-D207-4E56-8AFB-67A9EAC87C7C}.Release|iPhoneSimulator.ActiveCfg = Release|Any CPU
		{3D26FB71-D207-4E56-8AFB-67A9EAC87C7C}.Release|iPhoneSimulator.Build.0 = Release|Any CPU
		{3D26FB71-D207-4E56-8AFB-67A9EAC87C7C}.Release|x64.ActiveCfg = Release|Any CPU
		{3D26FB71-D207-4E56-8AFB-67A9EAC87C7C}.Release|x64.Build.0 = Release|Any CPU
		{3D26FB71-D207-4E56-8AFB-67A9EAC87C7C}.Release|x86.ActiveCfg = Release|Any CPU
		{3D26FB71-D207-4E56-8AFB-67A9EAC87C7C}.Release|x86.Build.0 = Release|Any CPU
		{6C41DD7D-DF60-47EF-A2BB-A470448EB901}.Debug|Any CPU.ActiveCfg = Debug|Any CPU
		{6C41DD7D-DF60-47EF-A2BB-A470448EB901}.Debug|Any CPU.Build.0 = Debug|Any CPU
		{6C41DD7D-DF60-47EF-A2BB-A470448EB901}.Debug|ARM.ActiveCfg = Debug|Any CPU
		{6C41DD7D-DF60-47EF-A2BB-A470448EB901}.Debug|ARM.Build.0 = Debug|Any CPU
		{6C41DD7D-DF60-47EF-A2BB-A470448EB901}.Debug|ARM64.ActiveCfg = Debug|Any CPU
		{6C41DD7D-DF60-47EF-A2BB-A470448EB901}.Debug|ARM64.Build.0 = Debug|Any CPU
		{6C41DD7D-DF60-47EF-A2BB-A470448EB901}.Debug|iPhone.ActiveCfg = Debug|Any CPU
		{6C41DD7D-DF60-47EF-A2BB-A470448EB901}.Debug|iPhone.Build.0 = Debug|Any CPU
		{6C41DD7D-DF60-47EF-A2BB-A470448EB901}.Debug|iPhoneSimulator.ActiveCfg = Debug|Any CPU
		{6C41DD7D-DF60-47EF-A2BB-A470448EB901}.Debug|iPhoneSimulator.Build.0 = Debug|Any CPU
		{6C41DD7D-DF60-47EF-A2BB-A470448EB901}.Debug|x64.ActiveCfg = Debug|Any CPU
		{6C41DD7D-DF60-47EF-A2BB-A470448EB901}.Debug|x64.Build.0 = Debug|Any CPU
		{6C41DD7D-DF60-47EF-A2BB-A470448EB901}.Debug|x86.ActiveCfg = Debug|Any CPU
		{6C41DD7D-DF60-47EF-A2BB-A470448EB901}.Debug|x86.Build.0 = Debug|Any CPU
		{6C41DD7D-DF60-47EF-A2BB-A470448EB901}.Release|Any CPU.ActiveCfg = Release|Any CPU
		{6C41DD7D-DF60-47EF-A2BB-A470448EB901}.Release|Any CPU.Build.0 = Release|Any CPU
		{6C41DD7D-DF60-47EF-A2BB-A470448EB901}.Release|ARM.ActiveCfg = Release|Any CPU
		{6C41DD7D-DF60-47EF-A2BB-A470448EB901}.Release|ARM.Build.0 = Release|Any CPU
		{6C41DD7D-DF60-47EF-A2BB-A470448EB901}.Release|ARM64.ActiveCfg = Release|Any CPU
		{6C41DD7D-DF60-47EF-A2BB-A470448EB901}.Release|ARM64.Build.0 = Release|Any CPU
		{6C41DD7D-DF60-47EF-A2BB-A470448EB901}.Release|iPhone.ActiveCfg = Release|Any CPU
		{6C41DD7D-DF60-47EF-A2BB-A470448EB901}.Release|iPhone.Build.0 = Release|Any CPU
		{6C41DD7D-DF60-47EF-A2BB-A470448EB901}.Release|iPhoneSimulator.ActiveCfg = Release|Any CPU
		{6C41DD7D-DF60-47EF-A2BB-A470448EB901}.Release|iPhoneSimulator.Build.0 = Release|Any CPU
		{6C41DD7D-DF60-47EF-A2BB-A470448EB901}.Release|x64.ActiveCfg = Release|Any CPU
		{6C41DD7D-DF60-47EF-A2BB-A470448EB901}.Release|x64.Build.0 = Release|Any CPU
		{6C41DD7D-DF60-47EF-A2BB-A470448EB901}.Release|x86.ActiveCfg = Release|Any CPU
		{6C41DD7D-DF60-47EF-A2BB-A470448EB901}.Release|x86.Build.0 = Release|Any CPU
		{FB2E46CC-F0AF-4A2F-A047-83E01BE077D9}.Debug|Any CPU.ActiveCfg = Debug|Any CPU
		{FB2E46CC-F0AF-4A2F-A047-83E01BE077D9}.Debug|Any CPU.Build.0 = Debug|Any CPU
		{FB2E46CC-F0AF-4A2F-A047-83E01BE077D9}.Debug|Any CPU.Deploy.0 = Debug|Any CPU
		{FB2E46CC-F0AF-4A2F-A047-83E01BE077D9}.Debug|ARM.ActiveCfg = Debug|Any CPU
		{FB2E46CC-F0AF-4A2F-A047-83E01BE077D9}.Debug|ARM.Build.0 = Debug|Any CPU
		{FB2E46CC-F0AF-4A2F-A047-83E01BE077D9}.Debug|ARM.Deploy.0 = Debug|Any CPU
		{FB2E46CC-F0AF-4A2F-A047-83E01BE077D9}.Debug|ARM64.ActiveCfg = Debug|Any CPU
		{FB2E46CC-F0AF-4A2F-A047-83E01BE077D9}.Debug|ARM64.Build.0 = Debug|Any CPU
		{FB2E46CC-F0AF-4A2F-A047-83E01BE077D9}.Debug|ARM64.Deploy.0 = Debug|Any CPU
		{FB2E46CC-F0AF-4A2F-A047-83E01BE077D9}.Debug|iPhone.ActiveCfg = Debug|Any CPU
		{FB2E46CC-F0AF-4A2F-A047-83E01BE077D9}.Debug|iPhone.Build.0 = Debug|Any CPU
		{FB2E46CC-F0AF-4A2F-A047-83E01BE077D9}.Debug|iPhone.Deploy.0 = Debug|Any CPU
		{FB2E46CC-F0AF-4A2F-A047-83E01BE077D9}.Debug|iPhoneSimulator.ActiveCfg = Debug|Any CPU
		{FB2E46CC-F0AF-4A2F-A047-83E01BE077D9}.Debug|iPhoneSimulator.Build.0 = Debug|Any CPU
		{FB2E46CC-F0AF-4A2F-A047-83E01BE077D9}.Debug|iPhoneSimulator.Deploy.0 = Debug|Any CPU
		{FB2E46CC-F0AF-4A2F-A047-83E01BE077D9}.Debug|x64.ActiveCfg = Debug|Any CPU
		{FB2E46CC-F0AF-4A2F-A047-83E01BE077D9}.Debug|x64.Build.0 = Debug|Any CPU
		{FB2E46CC-F0AF-4A2F-A047-83E01BE077D9}.Debug|x64.Deploy.0 = Debug|Any CPU
		{FB2E46CC-F0AF-4A2F-A047-83E01BE077D9}.Debug|x86.ActiveCfg = Debug|Any CPU
		{FB2E46CC-F0AF-4A2F-A047-83E01BE077D9}.Debug|x86.Build.0 = Debug|Any CPU
		{FB2E46CC-F0AF-4A2F-A047-83E01BE077D9}.Debug|x86.Deploy.0 = Debug|Any CPU
		{FB2E46CC-F0AF-4A2F-A047-83E01BE077D9}.Release|Any CPU.ActiveCfg = Release|Any CPU
		{FB2E46CC-F0AF-4A2F-A047-83E01BE077D9}.Release|Any CPU.Build.0 = Release|Any CPU
		{FB2E46CC-F0AF-4A2F-A047-83E01BE077D9}.Release|Any CPU.Deploy.0 = Release|Any CPU
		{FB2E46CC-F0AF-4A2F-A047-83E01BE077D9}.Release|ARM.ActiveCfg = Release|Any CPU
		{FB2E46CC-F0AF-4A2F-A047-83E01BE077D9}.Release|ARM.Build.0 = Release|Any CPU
		{FB2E46CC-F0AF-4A2F-A047-83E01BE077D9}.Release|ARM.Deploy.0 = Release|Any CPU
		{FB2E46CC-F0AF-4A2F-A047-83E01BE077D9}.Release|ARM64.ActiveCfg = Release|Any CPU
		{FB2E46CC-F0AF-4A2F-A047-83E01BE077D9}.Release|ARM64.Build.0 = Release|Any CPU
		{FB2E46CC-F0AF-4A2F-A047-83E01BE077D9}.Release|ARM64.Deploy.0 = Release|Any CPU
		{FB2E46CC-F0AF-4A2F-A047-83E01BE077D9}.Release|iPhone.ActiveCfg = Release|Any CPU
		{FB2E46CC-F0AF-4A2F-A047-83E01BE077D9}.Release|iPhone.Build.0 = Release|Any CPU
		{FB2E46CC-F0AF-4A2F-A047-83E01BE077D9}.Release|iPhone.Deploy.0 = Release|Any CPU
		{FB2E46CC-F0AF-4A2F-A047-83E01BE077D9}.Release|iPhoneSimulator.ActiveCfg = Release|Any CPU
		{FB2E46CC-F0AF-4A2F-A047-83E01BE077D9}.Release|iPhoneSimulator.Build.0 = Release|Any CPU
		{FB2E46CC-F0AF-4A2F-A047-83E01BE077D9}.Release|iPhoneSimulator.Deploy.0 = Release|Any CPU
		{FB2E46CC-F0AF-4A2F-A047-83E01BE077D9}.Release|x64.ActiveCfg = Release|Any CPU
		{FB2E46CC-F0AF-4A2F-A047-83E01BE077D9}.Release|x64.Build.0 = Release|Any CPU
		{FB2E46CC-F0AF-4A2F-A047-83E01BE077D9}.Release|x64.Deploy.0 = Release|Any CPU
		{FB2E46CC-F0AF-4A2F-A047-83E01BE077D9}.Release|x86.ActiveCfg = Release|Any CPU
		{FB2E46CC-F0AF-4A2F-A047-83E01BE077D9}.Release|x86.Build.0 = Release|Any CPU
		{FB2E46CC-F0AF-4A2F-A047-83E01BE077D9}.Release|x86.Deploy.0 = Release|Any CPU
	EndGlobalSection
	GlobalSection(SolutionProperties) = preSolution
		HideSolutionNode = FALSE
	EndGlobalSection
	GlobalSection(NestedProjects) = preSolution
		{C53EC42B-978E-4667-A9A9-6401793267B7} = {0958FF56-9176-46C0-BC7A-88559C729246}
		{7EF5718A-6F96-4680-A63A-F1778FD92092} = {3E2A7D28-66DA-4C25-AE20-9B07FBC8087F}
		{3D26FB71-D207-4E56-8AFB-67A9EAC87C7C} = {04FFD3F5-E07C-4F98-95CF-37CB79273686}
		{04FFD3F5-E07C-4F98-95CF-37CB79273686} = {CA39EEDB-5FC8-46E9-B5A4-74C7AAF3F02B}
		{4095B614-553F-422A-8875-2A8B278D144C} = {7F4CC393-A1F5-4591-90E9-F299D83549D9}
		{6C41DD7D-DF60-47EF-A2BB-A470448EB901} = {0958FF56-9176-46C0-BC7A-88559C729246}
		{A50009DB-C729-4DDF-B799-E01D046922C8} = {CA39EEDB-5FC8-46E9-B5A4-74C7AAF3F02B}
		{FB2E46CC-F0AF-4A2F-A047-83E01BE077D9} = {A50009DB-C729-4DDF-B799-E01D046922C8}
	EndGlobalSection
	GlobalSection(ExtensibilityGlobals) = postSolution
		SolutionGuid = {0A8F9075-38FE-4C85-A28C-631452C7A21F}
	EndGlobalSection
EndGlobal
