Microsoft Visual Studio Solution File, Format Version 12.00
# Visual Studio Version 18
VisualStudioVersion = 18.2.11415.280 d18.0
MinimumVisualStudioVersion = 10.0.40219.1
Project("{2150E333-8FDC-42A3-9474-1A3956D46DE8}") = "Readme", "Readme", "{7F4CC393-A1F5-4591-90E9-F299D83549D9}"
	ProjectSection(SolutionItems) = preProject
		..\README.md = ..\README.md
	EndProjectSection
EndProject
Project("{2150E333-8FDC-42A3-9474-1A3956D46DE8}") = "App", "App", "{0958FF56-9176-46C0-BC7A-88559C729246}"
EndProject
Project("{2150E333-8FDC-42A3-9474-1A3956D46DE8}") = "UnitTests", "UnitTests", "{CA39EEDB-5FC8-46E9-B5A4-74C7AAF3F02B}"
EndProject
Project("{2150E333-8FDC-42A3-9474-1A3956D46DE8}") = "WPF", "WPF", "{04FFD3F5-E07C-4F98-95CF-37CB79273686}"
EndProject
Project("{2150E333-8FDC-42A3-9474-1A3956D46DE8}") = "Demos", "Demos", "{3E2A7D28-66DA-4C25-AE20-9B07FBC8087F}"
EndProject
Project("{FAE04EC0-301F-11D3-BF4B-00C04F79EFBC}") = "MathConverter.Maui", "Projects\Maui\App\MathConverter.Maui.csproj", "{6C41DD7D-DF60-47EF-A2BB-A470448EB901}"
EndProject
Project("{2150E333-8FDC-42A3-9474-1A3956D46DE8}") = "Maui", "Maui", "{A50009DB-C729-4DDF-B799-E01D046922C8}"
EndProject
Project("{FAE04EC0-301F-11D3-BF4B-00C04F79EFBC}") = "MathConverter.UnitTests.Maui", "Projects\Maui\UnitTests\MathConverter.UnitTests.Maui.csproj", "{FB2E46CC-F0AF-4A2F-A047-83E01BE077D9}"
EndProject
Global
	GlobalSection(SolutionConfigurationPlatforms) = preSolution
		Debug|Any CPU = Debug|Any CPU
		Debug|ARM = Debug|ARM
		Debug|ARM64 = Debug|ARM64
		Debug|iPhone = Debug|iPhone
		Debug|iPhoneSimulator = Debug|iPhoneSimulator
		Debug|x64 = Debug|x64
		Debug|x86 = Debug|x86
		Release|Any CPU = Release|Any CPU
		Release|ARM = Release|ARM
		Release|ARM64 = Release|ARM64
		Release|iPhone = Release|iPhone
		Release|iPhoneSimulator = Release|iPhoneSimulator
		Release|x64 = Release|x64
		Release|x86 = Release|x86
	EndGlobalSection
	GlobalSection(ProjectConfigurationPlatforms) = postSolution
		{6C41DD7D-DF60-47EF-A2BB-A470448EB901}.Debug|Any CPU.ActiveCfg = Debug|Any CPU
		{6C41DD7D-DF60-47EF-A2BB-A470448EB901}.Debug|Any CPU.Build.0 = Debug|Any CPU
		{6C41DD7D-DF60-47EF-A2BB-A470448EB901}.Debug|ARM.ActiveCfg = Debug|Any CPU
		{6C41DD7D-DF60-47EF-A2BB-A470448EB901}.Debug|ARM.Build.0 = Debug|Any CPU
		{6C41DD7D-DF60-47EF-A2BB-A470448EB901}.Debug|ARM64.ActiveCfg = Debug|Any CPU
		{6C41DD7D-DF60-47EF-A2BB-A470448EB901}.Debug|ARM64.Build.0 = Debug|Any CPU
		{6C41DD7D-DF60-47EF-A2BB-A470448EB901}.Debug|iPhone.ActiveCfg = Debug|Any CPU
		{6C41DD7D-DF60-47EF-A2BB-A470448EB901}.Debug|iPhone.Build.0 = Debug|Any CPU
		{6C41DD7D-DF60-47EF-A2BB-A470448EB901}.Debug|iPhoneSimulator.ActiveCfg = Debug|Any CPU
		{6C41DD7D-DF60-47EF-A2BB-A470448EB901}.Debug|iPhoneSimulator.Build.0 = Debug|Any CPU
		{6C41DD7D-DF60-47EF-A2BB-A470448EB901}.Debug|x64.ActiveCfg = Debug|Any CPU
		{6C41DD7D-DF60-47EF-A2BB-A470448EB901}.Debug|x64.Build.0 = Debug|Any CPU
		{6C41DD7D-DF60-47EF-A2BB-A470448EB901}.Debug|x86.ActiveCfg = Debug|Any CPU
		{6C41DD7D-DF60-47EF-A2BB-A470448EB901}.Debug|x86.Build.0 = Debug|Any CPU
		{6C41DD7D-DF60-47EF-A2BB-A470448EB901}.Release|Any CPU.ActiveCfg = Release|Any CPU
		{6C41DD7D-DF60-47EF-A2BB-A470448EB901}.Release|Any CPU.Build.0 = Release|Any CPU
		{6C41DD7D-DF60-47EF-A2BB-A470448EB901}.Release|ARM.ActiveCfg = Release|Any CPU
		{6C41DD7D-DF60-47EF-A2BB-A470448EB901}.Release|ARM.Build.0 = Release|Any CPU
		{6C41DD7D-DF60-47EF-A2BB-A470448EB901}.Release|ARM64.ActiveCfg = Release|Any CPU
		{6C41DD7D-DF60-47EF-A2BB-A470448EB901}.Release|ARM64.Build.0 = Release|Any CPU
		{6C41DD7D-DF60-47EF-A2BB-A470448EB901}.Release|iPhone.ActiveCfg = Release|Any CPU
		{6C41DD7D-DF60-47EF-A2BB-A470448EB901}.Release|iPhone.Build.0 = Release|Any CPU
		{6C41DD7D-DF60-47EF-A2BB-A470448EB901}.Release|iPhoneSimulator.ActiveCfg = Release|Any CPU
		{6C41DD7D-DF60-47EF-A2BB-A470448EB901}.Release|iPhoneSimulator.Build.0 = Release|Any CPU
		{6C41DD7D-DF60-47EF-A2BB-A470448EB901}.Release|x64.ActiveCfg = Release|Any CPU
		{6C41DD7D-DF60-47EF-A2BB-A470448EB901}.Release|x64.Build.0 = Release|Any CPU
		{6C41DD7D-DF60-47EF-A2BB-A470448EB901}.Release|x86.ActiveCfg = Release|Any CPU
		{6C41DD7D-DF60-47EF-A2BB-A470448EB901}.Release|x86.Build.0 = Release|Any CPU
		{FB2E46CC-F0AF-4A2F-A047-83E01BE077D9}.Debug|Any CPU.ActiveCfg = Debug|Any CPU
		{FB2E46CC-F0AF-4A2F-A047-83E01BE077D9}.Debug|Any CPU.Build.0 = Debug|Any CPU
		{FB2E46CC-F0AF-4A2F-A047-83E01BE077D9}.Debug|Any CPU.Deploy.0 = Debug|Any CPU
		{FB2E46CC-F0AF-4A2F-A047-83E01BE077D9}.Debug|ARM.ActiveCfg = Debug|Any CPU
		{FB2E46CC-F0AF-4A2F-A047-83E01BE077D9}.Debug|ARM.Build.0 = Debug|Any CPU
		{FB2E46CC-F0AF-4A2F-A047-83E01BE077D9}.Debug|ARM.Deploy.0 = Debug|Any CPU
		{FB2E46CC-F0AF-4A2F-A047-83E01BE077D9}.Debug|ARM64.ActiveCfg = Debug|Any CPU
		{FB2E46CC-F0AF-4A2F-A047-83E01BE077D9}.Debug|ARM64.Build.0 = Debug|Any CPU
		{FB2E46CC-F0AF-4A2F-A047-83E01BE077D9}.Debug|ARM64.Deploy.0 = Debug|Any CPU
		{FB2E46CC-F0AF-4A2F-A047-83E01BE077D9}.Debug|iPhone.ActiveCfg = Debug|Any CPU
		{FB2E46CC-F0AF-4A2F-A047-83E01BE077D9}.Debug|iPhone.Build.0 = Debug|Any CPU
		{FB2E46CC-F0AF-4A2F-A047-83E01BE077D9}.Debug|iPhone.Deploy.0 = Debug|Any CPU
		{FB2E46CC-F0AF-4A2F-A047-83E01BE077D9}.Debug|iPhoneSimulator.ActiveCfg = Debug|Any CPU
		{FB2E46CC-F0AF-4A2F-A047-83E01BE077D9}.Debug|iPhoneSimulator.Build.0 = Debug|Any CPU
		{FB2E46CC-F0AF-4A2F-A047-83E01BE077D9}.Debug|iPhoneSimulator.Deploy.0 = Debug|Any CPU
		{FB2E46CC-F0AF-4A2F-A047-83E01BE077D9}.Debug|x64.ActiveCfg = Debug|Any CPU
		{FB2E46CC-F0AF-4A2F-A047-83E01BE077D9}.Debug|x64.Build.0 = Debug|Any CPU
		{FB2E46CC-F0AF-4A2F-A047-83E01BE077D9}.Debug|x64.Deploy.0 = Debug|Any CPU
		{FB2E46CC-F0AF-4A2F-A047-83E01BE077D9}.Debug|x86.ActiveCfg = Debug|Any CPU
		{FB2E46CC-F0AF-4A2F-A047-83E01BE077D9}.Debug|x86.Build.0 = Debug|Any CPU
		{FB2E46CC-F0AF-4A2F-A047-83E01BE077D9}.Debug|x86.Deploy.0 = Debug|Any CPU
		{FB2E46CC-F0AF-4A2F-A047-83E01BE077D9}.Release|Any CPU.ActiveCfg = Release|Any CPU
		{FB2E46CC-F0AF-4A2F-A047-83E01BE077D9}.Release|Any CPU.Build.0 = Release|Any CPU
		{FB2E46CC-F0AF-4A2F-A047-83E01BE077D9}.Release|Any CPU.Deploy.0 = Release|Any CPU
		{FB2E46CC-F0AF-4A2F-A047-83E01BE077D9}.Release|ARM.ActiveCfg = Release|Any CPU
		{FB2E46CC-F0AF-4A2F-A047-83E01BE077D9}.Release|ARM.Build.0 = Release|Any CPU
		{FB2E46CC-F0AF-4A2F-A047-83E01BE077D9}.Release|ARM.Deploy.0 = Release|Any CPU
		{FB2E46CC-F0AF-4A2F-A047-83E01BE077D9}.Release|ARM64.ActiveCfg = Release|Any CPU
		{FB2E46CC-F0AF-4A2F-A047-83E01BE077D9}.Release|ARM64.Build.0 = Release|Any CPU
		{FB2E46CC-F0AF-4A2F-A047-83E01BE077D9}.Release|ARM64.Deploy.0 = Release|Any CPU
		{FB2E46CC-F0AF-4A2F-A047-83E01BE077D9}.Release|iPhone.ActiveCfg = Release|Any CPU
		{FB2E46CC-F0AF-4A2F-A047-83E01BE077D9}.Release|iPhone.Build.0 = Release|Any CPU
		{FB2E46CC-F0AF-4A2F-A047-83E01BE077D9}.Release|iPhone.Deploy.0 = Release|Any CPU
		{FB2E46CC-F0AF-4A2F-A047-83E01BE077D9}.Release|iPhoneSimulator.ActiveCfg = Release|Any CPU
		{FB2E46CC-F0AF-4A2F-A047-83E01BE077D9}.Release|iPhoneSimulator.Build.0 = Release|Any CPU
		{FB2E46CC-F0AF-4A2F-A047-83E01BE077D9}.Release|iPhoneSimulator.Deploy.0 = Release|Any CPU
		{FB2E46CC-F0AF-4A2F-A047-83E01BE077D9}.Release|x64.ActiveCfg = Release|Any CPU
		{FB2E46CC-F0AF-4A2F-A047-83E01BE077D9}.Release|x64.Build.0 = Release|Any CPU
		{FB2E46CC-F0AF-4A2F-A047-83E01BE077D9}.Release|x64.Deploy.0 = Release|Any CPU
		{FB2E46CC-F0AF-4A2F-A047-83E01BE077D9}.Release|x86.ActiveCfg = Release|Any CPU
		{FB2E46CC-F0AF-4A2F-A047-83E01BE077D9}.Release|x86.Build.0 = Release|Any CPU
		{FB2E46CC-F0AF-4A2F-A047-83E01BE077D9}.Release|x86.Deploy.0 = Release|Any CPU
	EndGlobalSection
	GlobalSection(SolutionProperties) = preSolution
		HideSolutionNode = FALSE
	EndGlobalSection
	GlobalSection(NestedProjects) = preSolution
		{04FFD3F5-E07C-4F98-95CF-37CB79273686} = {CA39EEDB-5FC8-46E9-B5A4-74C7AAF3F02B}
		{6C41DD7D-DF60-47EF-A2BB-A470448EB901} = {0958FF56-9176-46C0-BC7A-88559C729246}
		{A50009DB-C729-4DDF-B799-E01D046922C8} = {CA39EEDB-5FC8-46E9-B5A4-74C7AAF3F02B}
		{FB2E46CC-F0AF-4A2F-A047-83E01BE077D9} = {A50009DB-C729-4DDF-B799-E01D046922C8}
	EndGlobalSection
	GlobalSection(ExtensibilityGlobals) = postSolution
		SolutionGuid = {0A8F9075-38FE-4C85-A28C-631452C7A21F}
	EndGlobalSection
EndGlobal
